Microsoft Visual Studio Solution File, Format Version 12.00
# Visual Studio Version 16
VisualStudioVersion = 16.0.29009.5
MinimumVisualStudioVersion = 10.0.40219.1
Project("{2150E333-8FDC-42A3-9474-1A3956D46DE8}") = "Plugins", "Plugins", "{26E8B310-269E-46D4-A612-24601F16065F}"
EndProject
Project("{2150E333-8FDC-42A3-9474-1A3956D46DE8}") = "Solution Items", "Solution Items", "{8C8F3945-0AEF-4949-A1F7-B18E952E50BC}"
	ProjectSection(SolutionItems) = preProject
		GameFiles\IW4x\userraw\scripts\_commands.gsc = GameFiles\IW4x\userraw\scripts\_commands.gsc
		GameFiles\IW4x\userraw\scripts\_customcallbacks.gsc = GameFiles\IW4x\userraw\scripts\_customcallbacks.gsc
		azure-pipelines.yml = azure-pipelines.yml
		PostPublish.ps1 = PostPublish.ps1
		README.md = README.md
		RunPublishPre.cmd = RunPublishPre.cmd
		RunPublishRelease.cmd = RunPublishRelease.cmd
		version.txt = version.txt
	EndProjectSection
EndProject
Project("{9A19103F-16F7-4668-BE54-9A1E7A4F7556}") = "SharedLibraryCore", "SharedLibraryCore\SharedLibraryCore.csproj", "{AA0541A2-8D51-4AD9-B0AC-3D1F5B162481}"
EndProject
Project("{9A19103F-16F7-4668-BE54-9A1E7A4F7556}") = "WebfrontCore", "WebfrontCore\WebfrontCore.csproj", "{D59AC1F1-2FB9-4BE7-813E-0CCCC4FE9067}"
EndProject
Project("{9A19103F-16F7-4668-BE54-9A1E7A4F7556}") = "Application", "Application\Application.csproj", "{B4626E78-BB22-43F8-A6AD-890B0853D61F}"
EndProject
Project("{9A19103F-16F7-4668-BE54-9A1E7A4F7556}") = "Stats", "Plugins\Stats\Stats.csproj", "{98BE4A81-8AFD-4957-83F7-009D353C6BCB}"
EndProject
Project("{9A19103F-16F7-4668-BE54-9A1E7A4F7556}") = "Welcome", "Plugins\Welcome\Welcome.csproj", "{179140D3-97AA-4CB4-8BF6-A0C73CA75701}"
EndProject
Project("{9A19103F-16F7-4668-BE54-9A1E7A4F7556}") = "ProfanityDeterment", "Plugins\ProfanityDeterment\ProfanityDeterment.csproj", "{958FF7EC-0226-4E85-A85B-B84EC768197D}"
EndProject
Project("{9A19103F-16F7-4668-BE54-9A1E7A4F7556}") = "Login", "Plugins\Login\Login.csproj", "{D9F2ED28-6FA5-40CA-9912-E7A849147AB1}"
EndProject
Project("{9A19103F-16F7-4668-BE54-9A1E7A4F7556}") = "IW4ScriptCommands", "Plugins\IW4ScriptCommands\IW4ScriptCommands.csproj", "{6C706CE5-A206-4E46-8712-F8C48D526091}"
EndProject
Project("{2150E333-8FDC-42A3-9474-1A3956D46DE8}") = "ScriptPlugins", "ScriptPlugins", "{3F9ACC27-26DB-49FA-BCD2-50C54A49C9FA}"
	ProjectSection(SolutionItems) = preProject
		Plugins\ScriptPlugins\ActionOnReport.js = Plugins\ScriptPlugins\ActionOnReport.js
		Plugins\ScriptPlugins\ParserCoD4x.js = Plugins\ScriptPlugins\ParserCoD4x.js
		Plugins\ScriptPlugins\ParserIW4x.js = Plugins\ScriptPlugins\ParserIW4x.js
		Plugins\ScriptPlugins\ParserPIW5.js = Plugins\ScriptPlugins\ParserPIW5.js
		Plugins\ScriptPlugins\ParserPT6.js = Plugins\ScriptPlugins\ParserPT6.js
		Plugins\ScriptPlugins\ParserRektT5M.js = Plugins\ScriptPlugins\ParserRektT5M.js
		Plugins\ScriptPlugins\ParserT7.js = Plugins\ScriptPlugins\ParserT7.js
		Plugins\ScriptPlugins\ParserTeknoMW3.js = Plugins\ScriptPlugins\ParserTeknoMW3.js
		Plugins\ScriptPlugins\SampleScriptPluginCommand.js = Plugins\ScriptPlugins\SampleScriptPluginCommand.js
		Plugins\ScriptPlugins\SharedGUIDKick.js = Plugins\ScriptPlugins\SharedGUIDKick.js
		Plugins\ScriptPlugins\VPNDetection.js = Plugins\ScriptPlugins\VPNDetection.js
	EndProjectSection
EndProject
Project("{2150E333-8FDC-42A3-9474-1A3956D46DE8}") = "Web", "Web", "{A848FCF1-8527-4AA8-A1AA-50D29695C678}"
EndProject
Project("{9A19103F-16F7-4668-BE54-9A1E7A4F7556}") = "StatsWeb", "Plugins\Web\StatsWeb\StatsWeb.csproj", "{776B348B-F818-4A0F-A625-D0AF8BAD3E9B}"
EndProject
Project("{9A19103F-16F7-4668-BE54-9A1E7A4F7556}") = "AutomessageFeed", "Plugins\AutomessageFeed\AutomessageFeed.csproj", "{F5815359-CFC7-44B4-9A3B-C04BACAD5836}"
EndProject
Project("{9A19103F-16F7-4668-BE54-9A1E7A4F7556}") = "LiveRadar", "Plugins\LiveRadar\LiveRadar.csproj", "{00A1FED2-2254-4AF7-A5DB-2357FA7C88CD}"
EndProject
Project("{2150E333-8FDC-42A3-9474-1A3956D46DE8}") = "Tests", "Tests", "{3065279E-17F0-4CE0-AF5B-014E04263D77}"
EndProject
Project("{9A19103F-16F7-4668-BE54-9A1E7A4F7556}") = "ApplicationTests", "Tests\ApplicationTests\ApplicationTests.csproj", "{581FA7AF-FEF6-483C-A7D0-2D13EF50801B}"
EndProject
Global
	GlobalSection(SolutionConfigurationPlatforms) = preSolution
		Debug|Any CPU = Debug|Any CPU
		Debug|Mixed Platforms = Debug|Mixed Platforms
		Debug|x64 = Debug|x64
		Debug|x86 = Debug|x86
		Prerelease|Any CPU = Prerelease|Any CPU
		Prerelease|Mixed Platforms = Prerelease|Mixed Platforms
		Prerelease|x64 = Prerelease|x64
		Prerelease|x86 = Prerelease|x86
		Release|Any CPU = Release|Any CPU
		Release|Mixed Platforms = Release|Mixed Platforms
		Release|x64 = Release|x64
		Release|x86 = Release|x86
	EndGlobalSection
	GlobalSection(ProjectConfigurationPlatforms) = postSolution
		{AA0541A2-8D51-4AD9-B0AC-3D1F5B162481}.Debug|Any CPU.ActiveCfg = Debug|Any CPU
		{AA0541A2-8D51-4AD9-B0AC-3D1F5B162481}.Debug|Any CPU.Build.0 = Debug|Any CPU
		{AA0541A2-8D51-4AD9-B0AC-3D1F5B162481}.Debug|Mixed Platforms.ActiveCfg = Debug|Any CPU
		{AA0541A2-8D51-4AD9-B0AC-3D1F5B162481}.Debug|Mixed Platforms.Build.0 = Debug|Any CPU
		{AA0541A2-8D51-4AD9-B0AC-3D1F5B162481}.Debug|x64.ActiveCfg = Debug|Any CPU
		{AA0541A2-8D51-4AD9-B0AC-3D1F5B162481}.Debug|x64.Build.0 = Debug|Any CPU
		{AA0541A2-8D51-4AD9-B0AC-3D1F5B162481}.Debug|x86.ActiveCfg = Debug|Any CPU
		{AA0541A2-8D51-4AD9-B0AC-3D1F5B162481}.Debug|x86.Build.0 = Debug|Any CPU
		{AA0541A2-8D51-4AD9-B0AC-3D1F5B162481}.Prerelease|Any CPU.ActiveCfg = Prerelease|Any CPU
		{AA0541A2-8D51-4AD9-B0AC-3D1F5B162481}.Prerelease|Any CPU.Build.0 = Prerelease|Any CPU
		{AA0541A2-8D51-4AD9-B0AC-3D1F5B162481}.Prerelease|Mixed Platforms.ActiveCfg = Prerelease|Any CPU
		{AA0541A2-8D51-4AD9-B0AC-3D1F5B162481}.Prerelease|Mixed Platforms.Build.0 = Prerelease|Any CPU
		{AA0541A2-8D51-4AD9-B0AC-3D1F5B162481}.Prerelease|x64.ActiveCfg = Prerelease|Any CPU
		{AA0541A2-8D51-4AD9-B0AC-3D1F5B162481}.Prerelease|x64.Build.0 = Prerelease|Any CPU
		{AA0541A2-8D51-4AD9-B0AC-3D1F5B162481}.Prerelease|x86.ActiveCfg = Prerelease|Any CPU
		{AA0541A2-8D51-4AD9-B0AC-3D1F5B162481}.Prerelease|x86.Build.0 = Prerelease|Any CPU
		{AA0541A2-8D51-4AD9-B0AC-3D1F5B162481}.Release|Any CPU.ActiveCfg = Release|Any CPU
		{AA0541A2-8D51-4AD9-B0AC-3D1F5B162481}.Release|Any CPU.Build.0 = Release|Any CPU
		{AA0541A2-8D51-4AD9-B0AC-3D1F5B162481}.Release|Mixed Platforms.ActiveCfg = Release|Any CPU
		{AA0541A2-8D51-4AD9-B0AC-3D1F5B162481}.Release|Mixed Platforms.Build.0 = Release|Any CPU
		{AA0541A2-8D51-4AD9-B0AC-3D1F5B162481}.Release|x64.ActiveCfg = Release|Any CPU
		{AA0541A2-8D51-4AD9-B0AC-3D1F5B162481}.Release|x64.Build.0 = Release|Any CPU
		{AA0541A2-8D51-4AD9-B0AC-3D1F5B162481}.Release|x86.ActiveCfg = Release|Any CPU
		{AA0541A2-8D51-4AD9-B0AC-3D1F5B162481}.Release|x86.Build.0 = Release|Any CPU
		{D59AC1F1-2FB9-4BE7-813E-0CCCC4FE9067}.Debug|Any CPU.ActiveCfg = Debug|Any CPU
		{D59AC1F1-2FB9-4BE7-813E-0CCCC4FE9067}.Debug|Any CPU.Build.0 = Debug|Any CPU
		{D59AC1F1-2FB9-4BE7-813E-0CCCC4FE9067}.Debug|Mixed Platforms.ActiveCfg = Debug|Any CPU
		{D59AC1F1-2FB9-4BE7-813E-0CCCC4FE9067}.Debug|Mixed Platforms.Build.0 = Debug|Any CPU
		{D59AC1F1-2FB9-4BE7-813E-0CCCC4FE9067}.Debug|x64.ActiveCfg = Debug|Any CPU
		{D59AC1F1-2FB9-4BE7-813E-0CCCC4FE9067}.Debug|x64.Build.0 = Debug|Any CPU
		{D59AC1F1-2FB9-4BE7-813E-0CCCC4FE9067}.Debug|x86.ActiveCfg = Debug|Any CPU
		{D59AC1F1-2FB9-4BE7-813E-0CCCC4FE9067}.Debug|x86.Build.0 = Debug|Any CPU
		{D59AC1F1-2FB9-4BE7-813E-0CCCC4FE9067}.Prerelease|Any CPU.ActiveCfg = Prerelease|Any CPU
		{D59AC1F1-2FB9-4BE7-813E-0CCCC4FE9067}.Prerelease|Any CPU.Build.0 = Prerelease|Any CPU
		{D59AC1F1-2FB9-4BE7-813E-0CCCC4FE9067}.Prerelease|Mixed Platforms.ActiveCfg = Prerelease|Any CPU
		{D59AC1F1-2FB9-4BE7-813E-0CCCC4FE9067}.Prerelease|Mixed Platforms.Build.0 = Prerelease|Any CPU
		{D59AC1F1-2FB9-4BE7-813E-0CCCC4FE9067}.Prerelease|x64.ActiveCfg = Prerelease|Any CPU
		{D59AC1F1-2FB9-4BE7-813E-0CCCC4FE9067}.Prerelease|x64.Build.0 = Prerelease|Any CPU
		{D59AC1F1-2FB9-4BE7-813E-0CCCC4FE9067}.Prerelease|x86.ActiveCfg = Prerelease|Any CPU
		{D59AC1F1-2FB9-4BE7-813E-0CCCC4FE9067}.Prerelease|x86.Build.0 = Prerelease|Any CPU
		{D59AC1F1-2FB9-4BE7-813E-0CCCC4FE9067}.Release|Any CPU.ActiveCfg = Release|Any CPU
		{D59AC1F1-2FB9-4BE7-813E-0CCCC4FE9067}.Release|Any CPU.Build.0 = Release|Any CPU
		{D59AC1F1-2FB9-4BE7-813E-0CCCC4FE9067}.Release|Mixed Platforms.ActiveCfg = Release|Any CPU
		{D59AC1F1-2FB9-4BE7-813E-0CCCC4FE9067}.Release|Mixed Platforms.Build.0 = Release|Any CPU
		{D59AC1F1-2FB9-4BE7-813E-0CCCC4FE9067}.Release|x64.ActiveCfg = Release|Any CPU
		{D59AC1F1-2FB9-4BE7-813E-0CCCC4FE9067}.Release|x64.Build.0 = Release|Any CPU
		{D59AC1F1-2FB9-4BE7-813E-0CCCC4FE9067}.Release|x86.ActiveCfg = Release|Any CPU
		{D59AC1F1-2FB9-4BE7-813E-0CCCC4FE9067}.Release|x86.Build.0 = Release|Any CPU
		{B4626E78-BB22-43F8-A6AD-890B0853D61F}.Debug|Any CPU.ActiveCfg = Debug|Any CPU
		{B4626E78-BB22-43F8-A6AD-890B0853D61F}.Debug|Any CPU.Build.0 = Debug|Any CPU
		{B4626E78-BB22-43F8-A6AD-890B0853D61F}.Debug|Mixed Platforms.ActiveCfg = Debug|Any CPU
		{B4626E78-BB22-43F8-A6AD-890B0853D61F}.Debug|Mixed Platforms.Build.0 = Debug|Any CPU
		{B4626E78-BB22-43F8-A6AD-890B0853D61F}.Debug|x64.ActiveCfg = Debug|Any CPU
		{B4626E78-BB22-43F8-A6AD-890B0853D61F}.Debug|x64.Build.0 = Debug|Any CPU
		{B4626E78-BB22-43F8-A6AD-890B0853D61F}.Debug|x86.ActiveCfg = Debug|Any CPU
		{B4626E78-BB22-43F8-A6AD-890B0853D61F}.Debug|x86.Build.0 = Debug|Any CPU
		{B4626E78-BB22-43F8-A6AD-890B0853D61F}.Prerelease|Any CPU.ActiveCfg = Prerelease|Any CPU
		{B4626E78-BB22-43F8-A6AD-890B0853D61F}.Prerelease|Any CPU.Build.0 = Prerelease|Any CPU
		{B4626E78-BB22-43F8-A6AD-890B0853D61F}.Prerelease|Mixed Platforms.ActiveCfg = Prerelease|Any CPU
		{B4626E78-BB22-43F8-A6AD-890B0853D61F}.Prerelease|Mixed Platforms.Build.0 = Prerelease|Any CPU
		{B4626E78-BB22-43F8-A6AD-890B0853D61F}.Prerelease|x64.ActiveCfg = Prerelease|Any CPU
		{B4626E78-BB22-43F8-A6AD-890B0853D61F}.Prerelease|x64.Build.0 = Prerelease|Any CPU
		{B4626E78-BB22-43F8-A6AD-890B0853D61F}.Prerelease|x86.ActiveCfg = Prerelease|Any CPU
		{B4626E78-BB22-43F8-A6AD-890B0853D61F}.Prerelease|x86.Build.0 = Prerelease|Any CPU
		{B4626E78-BB22-43F8-A6AD-890B0853D61F}.Release|Any CPU.ActiveCfg = Release|Any CPU
		{B4626E78-BB22-43F8-A6AD-890B0853D61F}.Release|Any CPU.Build.0 = Release|Any CPU
		{B4626E78-BB22-43F8-A6AD-890B0853D61F}.Release|Mixed Platforms.ActiveCfg = Release|Any CPU
		{B4626E78-BB22-43F8-A6AD-890B0853D61F}.Release|Mixed Platforms.Build.0 = Release|Any CPU
		{B4626E78-BB22-43F8-A6AD-890B0853D61F}.Release|x64.ActiveCfg = Release|Any CPU
		{B4626E78-BB22-43F8-A6AD-890B0853D61F}.Release|x64.Build.0 = Release|Any CPU
		{B4626E78-BB22-43F8-A6AD-890B0853D61F}.Release|x86.ActiveCfg = Release|Any CPU
		{B4626E78-BB22-43F8-A6AD-890B0853D61F}.Release|x86.Build.0 = Release|Any CPU
		{98BE4A81-8AFD-4957-83F7-009D353C6BCB}.Debug|Any CPU.ActiveCfg = Debug|Any CPU
		{98BE4A81-8AFD-4957-83F7-009D353C6BCB}.Debug|Any CPU.Build.0 = Debug|Any CPU
		{98BE4A81-8AFD-4957-83F7-009D353C6BCB}.Debug|Mixed Platforms.ActiveCfg = Debug|Any CPU
		{98BE4A81-8AFD-4957-83F7-009D353C6BCB}.Debug|Mixed Platforms.Build.0 = Debug|Any CPU
		{98BE4A81-8AFD-4957-83F7-009D353C6BCB}.Debug|x64.ActiveCfg = Debug|Any CPU
		{98BE4A81-8AFD-4957-83F7-009D353C6BCB}.Debug|x64.Build.0 = Debug|Any CPU
		{98BE4A81-8AFD-4957-83F7-009D353C6BCB}.Debug|x86.ActiveCfg = Debug|Any CPU
		{98BE4A81-8AFD-4957-83F7-009D353C6BCB}.Debug|x86.Build.0 = Debug|Any CPU
		{98BE4A81-8AFD-4957-83F7-009D353C6BCB}.Prerelease|Any CPU.ActiveCfg = Prerelease|Any CPU
		{98BE4A81-8AFD-4957-83F7-009D353C6BCB}.Prerelease|Any CPU.Build.0 = Prerelease|Any CPU
		{98BE4A81-8AFD-4957-83F7-009D353C6BCB}.Prerelease|Mixed Platforms.ActiveCfg = Prerelease|Any CPU
		{98BE4A81-8AFD-4957-83F7-009D353C6BCB}.Prerelease|Mixed Platforms.Build.0 = Prerelease|Any CPU
		{98BE4A81-8AFD-4957-83F7-009D353C6BCB}.Prerelease|x64.ActiveCfg = Prerelease|Any CPU
		{98BE4A81-8AFD-4957-83F7-009D353C6BCB}.Prerelease|x64.Build.0 = Prerelease|Any CPU
		{98BE4A81-8AFD-4957-83F7-009D353C6BCB}.Prerelease|x86.ActiveCfg = Prerelease|Any CPU
		{98BE4A81-8AFD-4957-83F7-009D353C6BCB}.Prerelease|x86.Build.0 = Prerelease|Any CPU
		{98BE4A81-8AFD-4957-83F7-009D353C6BCB}.Release|Any CPU.ActiveCfg = Release|Any CPU
		{98BE4A81-8AFD-4957-83F7-009D353C6BCB}.Release|Any CPU.Build.0 = Release|Any CPU
		{98BE4A81-8AFD-4957-83F7-009D353C6BCB}.Release|Mixed Platforms.ActiveCfg = Release|Any CPU
		{98BE4A81-8AFD-4957-83F7-009D353C6BCB}.Release|Mixed Platforms.Build.0 = Release|Any CPU
		{98BE4A81-8AFD-4957-83F7-009D353C6BCB}.Release|x64.ActiveCfg = Release|Any CPU
		{98BE4A81-8AFD-4957-83F7-009D353C6BCB}.Release|x64.Build.0 = Release|Any CPU
		{98BE4A81-8AFD-4957-83F7-009D353C6BCB}.Release|x86.ActiveCfg = Release|Any CPU
		{98BE4A81-8AFD-4957-83F7-009D353C6BCB}.Release|x86.Build.0 = Release|Any CPU
		{179140D3-97AA-4CB4-8BF6-A0C73CA75701}.Debug|Any CPU.ActiveCfg = Debug|Any CPU
		{179140D3-97AA-4CB4-8BF6-A0C73CA75701}.Debug|Any CPU.Build.0 = Debug|Any CPU
		{179140D3-97AA-4CB4-8BF6-A0C73CA75701}.Debug|Mixed Platforms.ActiveCfg = Debug|Any CPU
		{179140D3-97AA-4CB4-8BF6-A0C73CA75701}.Debug|Mixed Platforms.Build.0 = Debug|Any CPU
		{179140D3-97AA-4CB4-8BF6-A0C73CA75701}.Debug|x64.ActiveCfg = Debug|Any CPU
		{179140D3-97AA-4CB4-8BF6-A0C73CA75701}.Debug|x64.Build.0 = Debug|Any CPU
		{179140D3-97AA-4CB4-8BF6-A0C73CA75701}.Debug|x86.ActiveCfg = Debug|Any CPU
		{179140D3-97AA-4CB4-8BF6-A0C73CA75701}.Debug|x86.Build.0 = Debug|Any CPU
		{179140D3-97AA-4CB4-8BF6-A0C73CA75701}.Prerelease|Any CPU.ActiveCfg = Prerelease|Any CPU
		{179140D3-97AA-4CB4-8BF6-A0C73CA75701}.Prerelease|Any CPU.Build.0 = Prerelease|Any CPU
		{179140D3-97AA-4CB4-8BF6-A0C73CA75701}.Prerelease|Mixed Platforms.ActiveCfg = Prerelease|Any CPU
		{179140D3-97AA-4CB4-8BF6-A0C73CA75701}.Prerelease|Mixed Platforms.Build.0 = Prerelease|Any CPU
		{179140D3-97AA-4CB4-8BF6-A0C73CA75701}.Prerelease|x64.ActiveCfg = Prerelease|Any CPU
		{179140D3-97AA-4CB4-8BF6-A0C73CA75701}.Prerelease|x64.Build.0 = Prerelease|Any CPU
		{179140D3-97AA-4CB4-8BF6-A0C73CA75701}.Prerelease|x86.ActiveCfg = Prerelease|Any CPU
		{179140D3-97AA-4CB4-8BF6-A0C73CA75701}.Prerelease|x86.Build.0 = Prerelease|Any CPU
		{179140D3-97AA-4CB4-8BF6-A0C73CA75701}.Release|Any CPU.ActiveCfg = Release|Any CPU
		{179140D3-97AA-4CB4-8BF6-A0C73CA75701}.Release|Any CPU.Build.0 = Release|Any CPU
		{179140D3-97AA-4CB4-8BF6-A0C73CA75701}.Release|Mixed Platforms.ActiveCfg = Release|Any CPU
		{179140D3-97AA-4CB4-8BF6-A0C73CA75701}.Release|Mixed Platforms.Build.0 = Release|Any CPU
		{179140D3-97AA-4CB4-8BF6-A0C73CA75701}.Release|x64.ActiveCfg = Release|Any CPU
		{179140D3-97AA-4CB4-8BF6-A0C73CA75701}.Release|x64.Build.0 = Release|Any CPU
		{179140D3-97AA-4CB4-8BF6-A0C73CA75701}.Release|x86.ActiveCfg = Release|Any CPU
		{179140D3-97AA-4CB4-8BF6-A0C73CA75701}.Release|x86.Build.0 = Release|Any CPU
		{958FF7EC-0226-4E85-A85B-B84EC768197D}.Debug|Any CPU.ActiveCfg = Debug|Any CPU
		{958FF7EC-0226-4E85-A85B-B84EC768197D}.Debug|Any CPU.Build.0 = Debug|Any CPU
		{958FF7EC-0226-4E85-A85B-B84EC768197D}.Debug|Mixed Platforms.ActiveCfg = Debug|Any CPU
		{958FF7EC-0226-4E85-A85B-B84EC768197D}.Debug|Mixed Platforms.Build.0 = Debug|Any CPU
		{958FF7EC-0226-4E85-A85B-B84EC768197D}.Debug|x64.ActiveCfg = Debug|Any CPU
		{958FF7EC-0226-4E85-A85B-B84EC768197D}.Debug|x64.Build.0 = Debug|Any CPU
		{958FF7EC-0226-4E85-A85B-B84EC768197D}.Debug|x86.ActiveCfg = Debug|Any CPU
		{958FF7EC-0226-4E85-A85B-B84EC768197D}.Debug|x86.Build.0 = Debug|Any CPU
		{958FF7EC-0226-4E85-A85B-B84EC768197D}.Prerelease|Any CPU.ActiveCfg = Prerelease|Any CPU
		{958FF7EC-0226-4E85-A85B-B84EC768197D}.Prerelease|Any CPU.Build.0 = Prerelease|Any CPU
		{958FF7EC-0226-4E85-A85B-B84EC768197D}.Prerelease|Mixed Platforms.ActiveCfg = Prerelease|Any CPU
		{958FF7EC-0226-4E85-A85B-B84EC768197D}.Prerelease|Mixed Platforms.Build.0 = Prerelease|Any CPU
		{958FF7EC-0226-4E85-A85B-B84EC768197D}.Prerelease|x64.ActiveCfg = Prerelease|Any CPU
		{958FF7EC-0226-4E85-A85B-B84EC768197D}.Prerelease|x64.Build.0 = Prerelease|Any CPU
		{958FF7EC-0226-4E85-A85B-B84EC768197D}.Prerelease|x86.ActiveCfg = Prerelease|Any CPU
		{958FF7EC-0226-4E85-A85B-B84EC768197D}.Prerelease|x86.Build.0 = Prerelease|Any CPU
		{958FF7EC-0226-4E85-A85B-B84EC768197D}.Release|Any CPU.ActiveCfg = Release|Any CPU
		{958FF7EC-0226-4E85-A85B-B84EC768197D}.Release|Any CPU.Build.0 = Release|Any CPU
		{958FF7EC-0226-4E85-A85B-B84EC768197D}.Release|Mixed Platforms.ActiveCfg = Release|Any CPU
		{958FF7EC-0226-4E85-A85B-B84EC768197D}.Release|Mixed Platforms.Build.0 = Release|Any CPU
		{958FF7EC-0226-4E85-A85B-B84EC768197D}.Release|x64.ActiveCfg = Release|Any CPU
		{958FF7EC-0226-4E85-A85B-B84EC768197D}.Release|x64.Build.0 = Release|Any CPU
		{958FF7EC-0226-4E85-A85B-B84EC768197D}.Release|x86.ActiveCfg = Release|Any CPU
		{958FF7EC-0226-4E85-A85B-B84EC768197D}.Release|x86.Build.0 = Release|Any CPU
		{D9F2ED28-6FA5-40CA-9912-E7A849147AB1}.Debug|Any CPU.ActiveCfg = Debug|Any CPU
		{D9F2ED28-6FA5-40CA-9912-E7A849147AB1}.Debug|Any CPU.Build.0 = Debug|Any CPU
		{D9F2ED28-6FA5-40CA-9912-E7A849147AB1}.Debug|Mixed Platforms.ActiveCfg = Debug|Any CPU
		{D9F2ED28-6FA5-40CA-9912-E7A849147AB1}.Debug|Mixed Platforms.Build.0 = Debug|Any CPU
		{D9F2ED28-6FA5-40CA-9912-E7A849147AB1}.Debug|x64.ActiveCfg = Debug|Any CPU
		{D9F2ED28-6FA5-40CA-9912-E7A849147AB1}.Debug|x64.Build.0 = Debug|Any CPU
		{D9F2ED28-6FA5-40CA-9912-E7A849147AB1}.Debug|x86.ActiveCfg = Debug|Any CPU
		{D9F2ED28-6FA5-40CA-9912-E7A849147AB1}.Debug|x86.Build.0 = Debug|Any CPU
		{D9F2ED28-6FA5-40CA-9912-E7A849147AB1}.Prerelease|Any CPU.ActiveCfg = Prerelease|Any CPU
		{D9F2ED28-6FA5-40CA-9912-E7A849147AB1}.Prerelease|Any CPU.Build.0 = Prerelease|Any CPU
		{D9F2ED28-6FA5-40CA-9912-E7A849147AB1}.Prerelease|Mixed Platforms.ActiveCfg = Prerelease|Any CPU
		{D9F2ED28-6FA5-40CA-9912-E7A849147AB1}.Prerelease|Mixed Platforms.Build.0 = Prerelease|Any CPU
		{D9F2ED28-6FA5-40CA-9912-E7A849147AB1}.Prerelease|x64.ActiveCfg = Prerelease|Any CPU
		{D9F2ED28-6FA5-40CA-9912-E7A849147AB1}.Prerelease|x64.Build.0 = Prerelease|Any CPU
		{D9F2ED28-6FA5-40CA-9912-E7A849147AB1}.Prerelease|x86.ActiveCfg = Prerelease|Any CPU
		{D9F2ED28-6FA5-40CA-9912-E7A849147AB1}.Prerelease|x86.Build.0 = Prerelease|Any CPU
		{D9F2ED28-6FA5-40CA-9912-E7A849147AB1}.Release|Any CPU.ActiveCfg = Release|Any CPU
		{D9F2ED28-6FA5-40CA-9912-E7A849147AB1}.Release|Any CPU.Build.0 = Release|Any CPU
		{D9F2ED28-6FA5-40CA-9912-E7A849147AB1}.Release|Mixed Platforms.ActiveCfg = Release|Any CPU
		{D9F2ED28-6FA5-40CA-9912-E7A849147AB1}.Release|Mixed Platforms.Build.0 = Release|Any CPU
		{D9F2ED28-6FA5-40CA-9912-E7A849147AB1}.Release|x64.ActiveCfg = Release|Any CPU
		{D9F2ED28-6FA5-40CA-9912-E7A849147AB1}.Release|x64.Build.0 = Release|Any CPU
		{D9F2ED28-6FA5-40CA-9912-E7A849147AB1}.Release|x86.ActiveCfg = Release|Any CPU
		{D9F2ED28-6FA5-40CA-9912-E7A849147AB1}.Release|x86.Build.0 = Release|Any CPU
		{6C706CE5-A206-4E46-8712-F8C48D526091}.Debug|Any CPU.ActiveCfg = Debug|Any CPU
		{6C706CE5-A206-4E46-8712-F8C48D526091}.Debug|Any CPU.Build.0 = Debug|Any CPU
		{6C706CE5-A206-4E46-8712-F8C48D526091}.Debug|Mixed Platforms.ActiveCfg = Debug|Any CPU
		{6C706CE5-A206-4E46-8712-F8C48D526091}.Debug|Mixed Platforms.Build.0 = Debug|Any CPU
		{6C706CE5-A206-4E46-8712-F8C48D526091}.Debug|x64.ActiveCfg = Debug|Any CPU
		{6C706CE5-A206-4E46-8712-F8C48D526091}.Debug|x64.Build.0 = Debug|Any CPU
		{6C706CE5-A206-4E46-8712-F8C48D526091}.Debug|x86.ActiveCfg = Debug|Any CPU
		{6C706CE5-A206-4E46-8712-F8C48D526091}.Debug|x86.Build.0 = Debug|Any CPU
		{6C706CE5-A206-4E46-8712-F8C48D526091}.Prerelease|Any CPU.ActiveCfg = Prerelease|Any CPU
		{6C706CE5-A206-4E46-8712-F8C48D526091}.Prerelease|Any CPU.Build.0 = Prerelease|Any CPU
		{6C706CE5-A206-4E46-8712-F8C48D526091}.Prerelease|Mixed Platforms.ActiveCfg = Debug|Any CPU
		{6C706CE5-A206-4E46-8712-F8C48D526091}.Prerelease|Mixed Platforms.Build.0 = Debug|Any CPU
		{6C706CE5-A206-4E46-8712-F8C48D526091}.Prerelease|x64.ActiveCfg = Debug|Any CPU
		{6C706CE5-A206-4E46-8712-F8C48D526091}.Prerelease|x64.Build.0 = Debug|Any CPU
		{6C706CE5-A206-4E46-8712-F8C48D526091}.Prerelease|x86.ActiveCfg = Debug|Any CPU
		{6C706CE5-A206-4E46-8712-F8C48D526091}.Prerelease|x86.Build.0 = Debug|Any CPU
		{6C706CE5-A206-4E46-8712-F8C48D526091}.Release|Any CPU.ActiveCfg = Release|Any CPU
		{6C706CE5-A206-4E46-8712-F8C48D526091}.Release|Any CPU.Build.0 = Release|Any CPU
		{6C706CE5-A206-4E46-8712-F8C48D526091}.Release|Mixed Platforms.ActiveCfg = Release|Any CPU
		{6C706CE5-A206-4E46-8712-F8C48D526091}.Release|Mixed Platforms.Build.0 = Release|Any CPU
		{6C706CE5-A206-4E46-8712-F8C48D526091}.Release|x64.ActiveCfg = Release|Any CPU
		{6C706CE5-A206-4E46-8712-F8C48D526091}.Release|x64.Build.0 = Release|Any CPU
		{6C706CE5-A206-4E46-8712-F8C48D526091}.Release|x86.ActiveCfg = Release|Any CPU
		{6C706CE5-A206-4E46-8712-F8C48D526091}.Release|x86.Build.0 = Release|Any CPU
		{776B348B-F818-4A0F-A625-D0AF8BAD3E9B}.Debug|Any CPU.ActiveCfg = Debug|Any CPU
		{776B348B-F818-4A0F-A625-D0AF8BAD3E9B}.Debug|Any CPU.Build.0 = Debug|Any CPU
		{776B348B-F818-4A0F-A625-D0AF8BAD3E9B}.Debug|Mixed Platforms.ActiveCfg = Debug|Any CPU
		{776B348B-F818-4A0F-A625-D0AF8BAD3E9B}.Debug|Mixed Platforms.Build.0 = Debug|Any CPU
		{776B348B-F818-4A0F-A625-D0AF8BAD3E9B}.Debug|x64.ActiveCfg = Debug|Any CPU
		{776B348B-F818-4A0F-A625-D0AF8BAD3E9B}.Debug|x64.Build.0 = Debug|Any CPU
		{776B348B-F818-4A0F-A625-D0AF8BAD3E9B}.Debug|x86.ActiveCfg = Debug|Any CPU
		{776B348B-F818-4A0F-A625-D0AF8BAD3E9B}.Debug|x86.Build.0 = Debug|Any CPU
		{776B348B-F818-4A0F-A625-D0AF8BAD3E9B}.Prerelease|Any CPU.ActiveCfg = Prerelease|Any CPU
		{776B348B-F818-4A0F-A625-D0AF8BAD3E9B}.Prerelease|Any CPU.Build.0 = Prerelease|Any CPU
		{776B348B-F818-4A0F-A625-D0AF8BAD3E9B}.Prerelease|Mixed Platforms.ActiveCfg = Debug|Any CPU
		{776B348B-F818-4A0F-A625-D0AF8BAD3E9B}.Prerelease|Mixed Platforms.Build.0 = Debug|Any CPU
		{776B348B-F818-4A0F-A625-D0AF8BAD3E9B}.Prerelease|x64.ActiveCfg = Debug|Any CPU
		{776B348B-F818-4A0F-A625-D0AF8BAD3E9B}.Prerelease|x64.Build.0 = Debug|Any CPU
		{776B348B-F818-4A0F-A625-D0AF8BAD3E9B}.Prerelease|x86.ActiveCfg = Debug|Any CPU
		{776B348B-F818-4A0F-A625-D0AF8BAD3E9B}.Prerelease|x86.Build.0 = Debug|Any CPU
		{776B348B-F818-4A0F-A625-D0AF8BAD3E9B}.Release|Any CPU.ActiveCfg = Release|Any CPU
		{776B348B-F818-4A0F-A625-D0AF8BAD3E9B}.Release|Any CPU.Build.0 = Release|Any CPU
		{776B348B-F818-4A0F-A625-D0AF8BAD3E9B}.Release|Mixed Platforms.ActiveCfg = Release|Any CPU
		{776B348B-F818-4A0F-A625-D0AF8BAD3E9B}.Release|Mixed Platforms.Build.0 = Release|Any CPU
		{776B348B-F818-4A0F-A625-D0AF8BAD3E9B}.Release|x64.ActiveCfg = Release|Any CPU
		{776B348B-F818-4A0F-A625-D0AF8BAD3E9B}.Release|x64.Build.0 = Release|Any CPU
		{776B348B-F818-4A0F-A625-D0AF8BAD3E9B}.Release|x86.ActiveCfg = Release|Any CPU
		{776B348B-F818-4A0F-A625-D0AF8BAD3E9B}.Release|x86.Build.0 = Release|Any CPU
		{F5815359-CFC7-44B4-9A3B-C04BACAD5836}.Debug|Any CPU.ActiveCfg = Debug|Any CPU
		{F5815359-CFC7-44B4-9A3B-C04BACAD5836}.Debug|Any CPU.Build.0 = Debug|Any CPU
		{F5815359-CFC7-44B4-9A3B-C04BACAD5836}.Debug|Mixed Platforms.ActiveCfg = Debug|Any CPU
		{F5815359-CFC7-44B4-9A3B-C04BACAD5836}.Debug|Mixed Platforms.Build.0 = Debug|Any CPU
		{F5815359-CFC7-44B4-9A3B-C04BACAD5836}.Debug|x64.ActiveCfg = Debug|Any CPU
		{F5815359-CFC7-44B4-9A3B-C04BACAD5836}.Debug|x64.Build.0 = Debug|Any CPU
		{F5815359-CFC7-44B4-9A3B-C04BACAD5836}.Debug|x86.ActiveCfg = Debug|Any CPU
		{F5815359-CFC7-44B4-9A3B-C04BACAD5836}.Debug|x86.Build.0 = Debug|Any CPU
		{F5815359-CFC7-44B4-9A3B-C04BACAD5836}.Prerelease|Any CPU.ActiveCfg = Prerelease|Any CPU
		{F5815359-CFC7-44B4-9A3B-C04BACAD5836}.Prerelease|Any CPU.Build.0 = Prerelease|Any CPU
		{F5815359-CFC7-44B4-9A3B-C04BACAD5836}.Prerelease|Mixed Platforms.ActiveCfg = Debug|Any CPU
		{F5815359-CFC7-44B4-9A3B-C04BACAD5836}.Prerelease|Mixed Platforms.Build.0 = Debug|Any CPU
		{F5815359-CFC7-44B4-9A3B-C04BACAD5836}.Prerelease|x64.ActiveCfg = Debug|Any CPU
		{F5815359-CFC7-44B4-9A3B-C04BACAD5836}.Prerelease|x64.Build.0 = Debug|Any CPU
		{F5815359-CFC7-44B4-9A3B-C04BACAD5836}.Prerelease|x86.ActiveCfg = Debug|Any CPU
		{F5815359-CFC7-44B4-9A3B-C04BACAD5836}.Prerelease|x86.Build.0 = Debug|Any CPU
		{F5815359-CFC7-44B4-9A3B-C04BACAD5836}.Release|Any CPU.ActiveCfg = Release|Any CPU
		{F5815359-CFC7-44B4-9A3B-C04BACAD5836}.Release|Any CPU.Build.0 = Release|Any CPU
		{F5815359-CFC7-44B4-9A3B-C04BACAD5836}.Release|Mixed Platforms.ActiveCfg = Release|Any CPU
		{F5815359-CFC7-44B4-9A3B-C04BACAD5836}.Release|Mixed Platforms.Build.0 = Release|Any CPU
		{F5815359-CFC7-44B4-9A3B-C04BACAD5836}.Release|x64.ActiveCfg = Release|Any CPU
		{F5815359-CFC7-44B4-9A3B-C04BACAD5836}.Release|x64.Build.0 = Release|Any CPU
		{F5815359-CFC7-44B4-9A3B-C04BACAD5836}.Release|x86.ActiveCfg = Release|Any CPU
		{F5815359-CFC7-44B4-9A3B-C04BACAD5836}.Release|x86.Build.0 = Release|Any CPU
		{00A1FED2-2254-4AF7-A5DB-2357FA7C88CD}.Debug|Any CPU.ActiveCfg = Debug|Any CPU
		{00A1FED2-2254-4AF7-A5DB-2357FA7C88CD}.Debug|Any CPU.Build.0 = Debug|Any CPU
		{00A1FED2-2254-4AF7-A5DB-2357FA7C88CD}.Debug|Mixed Platforms.ActiveCfg = Debug|Any CPU
		{00A1FED2-2254-4AF7-A5DB-2357FA7C88CD}.Debug|Mixed Platforms.Build.0 = Debug|Any CPU
		{00A1FED2-2254-4AF7-A5DB-2357FA7C88CD}.Debug|x64.ActiveCfg = Debug|Any CPU
		{00A1FED2-2254-4AF7-A5DB-2357FA7C88CD}.Debug|x64.Build.0 = Debug|Any CPU
		{00A1FED2-2254-4AF7-A5DB-2357FA7C88CD}.Debug|x86.ActiveCfg = Debug|Any CPU
		{00A1FED2-2254-4AF7-A5DB-2357FA7C88CD}.Debug|x86.Build.0 = Debug|Any CPU
		{00A1FED2-2254-4AF7-A5DB-2357FA7C88CD}.Prerelease|Any CPU.ActiveCfg = Prerelease|Any CPU
		{00A1FED2-2254-4AF7-A5DB-2357FA7C88CD}.Prerelease|Any CPU.Build.0 = Prerelease|Any CPU
		{00A1FED2-2254-4AF7-A5DB-2357FA7C88CD}.Prerelease|Mixed Platforms.ActiveCfg = Debug|Any CPU
		{00A1FED2-2254-4AF7-A5DB-2357FA7C88CD}.Prerelease|Mixed Platforms.Build.0 = Debug|Any CPU
		{00A1FED2-2254-4AF7-A5DB-2357FA7C88CD}.Prerelease|x64.ActiveCfg = Debug|Any CPU
		{00A1FED2-2254-4AF7-A5DB-2357FA7C88CD}.Prerelease|x64.Build.0 = Debug|Any CPU
		{00A1FED2-2254-4AF7-A5DB-2357FA7C88CD}.Prerelease|x86.ActiveCfg = Debug|Any CPU
		{00A1FED2-2254-4AF7-A5DB-2357FA7C88CD}.Prerelease|x86.Build.0 = Debug|Any CPU
		{00A1FED2-2254-4AF7-A5DB-2357FA7C88CD}.Release|Any CPU.ActiveCfg = Release|Any CPU
		{00A1FED2-2254-4AF7-A5DB-2357FA7C88CD}.Release|Any CPU.Build.0 = Release|Any CPU
		{00A1FED2-2254-4AF7-A5DB-2357FA7C88CD}.Release|Mixed Platforms.ActiveCfg = Release|Any CPU
		{00A1FED2-2254-4AF7-A5DB-2357FA7C88CD}.Release|Mixed Platforms.Build.0 = Release|Any CPU
		{00A1FED2-2254-4AF7-A5DB-2357FA7C88CD}.Release|x64.ActiveCfg = Release|Any CPU
		{00A1FED2-2254-4AF7-A5DB-2357FA7C88CD}.Release|x64.Build.0 = Release|Any CPU
		{00A1FED2-2254-4AF7-A5DB-2357FA7C88CD}.Release|x86.ActiveCfg = Release|Any CPU
		{00A1FED2-2254-4AF7-A5DB-2357FA7C88CD}.Release|x86.Build.0 = Release|Any CPU
		{581FA7AF-FEF6-483C-A7D0-2D13EF50801B}.Debug|Any CPU.ActiveCfg = Debug|Any CPU
		{581FA7AF-FEF6-483C-A7D0-2D13EF50801B}.Debug|Any CPU.Build.0 = Debug|Any CPU
		{581FA7AF-FEF6-483C-A7D0-2D13EF50801B}.Debug|Mixed Platforms.ActiveCfg = Debug|Any CPU
		{581FA7AF-FEF6-483C-A7D0-2D13EF50801B}.Debug|Mixed Platforms.Build.0 = Debug|Any CPU
		{581FA7AF-FEF6-483C-A7D0-2D13EF50801B}.Debug|x64.ActiveCfg = Debug|Any CPU
		{581FA7AF-FEF6-483C-A7D0-2D13EF50801B}.Debug|x64.Build.0 = Debug|Any CPU
		{581FA7AF-FEF6-483C-A7D0-2D13EF50801B}.Debug|x86.ActiveCfg = Debug|Any CPU
		{581FA7AF-FEF6-483C-A7D0-2D13EF50801B}.Debug|x86.Build.0 = Debug|Any CPU
		{581FA7AF-FEF6-483C-A7D0-2D13EF50801B}.Prerelease|Any CPU.ActiveCfg = Debug|Any CPU
		{581FA7AF-FEF6-483C-A7D0-2D13EF50801B}.Prerelease|Mixed Platforms.ActiveCfg = Debug|Any CPU
		{581FA7AF-FEF6-483C-A7D0-2D13EF50801B}.Prerelease|Mixed Platforms.Build.0 = Debug|Any CPU
		{581FA7AF-FEF6-483C-A7D0-2D13EF50801B}.Prerelease|x64.ActiveCfg = Debug|Any CPU
		{581FA7AF-FEF6-483C-A7D0-2D13EF50801B}.Prerelease|x64.Build.0 = Debug|Any CPU
		{581FA7AF-FEF6-483C-A7D0-2D13EF50801B}.Prerelease|x86.ActiveCfg = Debug|Any CPU
		{581FA7AF-FEF6-483C-A7D0-2D13EF50801B}.Prerelease|x86.Build.0 = Debug|Any CPU
		{581FA7AF-FEF6-483C-A7D0-2D13EF50801B}.Release|Any CPU.ActiveCfg = Release|Any CPU
		{581FA7AF-FEF6-483C-A7D0-2D13EF50801B}.Release|Any CPU.Build.0 = Release|Any CPU
		{581FA7AF-FEF6-483C-A7D0-2D13EF50801B}.Release|Mixed Platforms.ActiveCfg = Release|Any CPU
		{581FA7AF-FEF6-483C-A7D0-2D13EF50801B}.Release|Mixed Platforms.Build.0 = Release|Any CPU
		{581FA7AF-FEF6-483C-A7D0-2D13EF50801B}.Release|x64.ActiveCfg = Release|Any CPU
		{581FA7AF-FEF6-483C-A7D0-2D13EF50801B}.Release|x64.Build.0 = Release|Any CPU
		{581FA7AF-FEF6-483C-A7D0-2D13EF50801B}.Release|x86.ActiveCfg = Release|Any CPU
		{581FA7AF-FEF6-483C-A7D0-2D13EF50801B}.Release|x86.Build.0 = Release|Any CPU
	EndGlobalSection
	GlobalSection(SolutionProperties) = preSolution
		HideSolutionNode = FALSE
	EndGlobalSection
	GlobalSection(NestedProjects) = preSolution
		{98BE4A81-8AFD-4957-83F7-009D353C6BCB} = {26E8B310-269E-46D4-A612-24601F16065F}
		{179140D3-97AA-4CB4-8BF6-A0C73CA75701} = {26E8B310-269E-46D4-A612-24601F16065F}
		{958FF7EC-0226-4E85-A85B-B84EC768197D} = {26E8B310-269E-46D4-A612-24601F16065F}
		{D9F2ED28-6FA5-40CA-9912-E7A849147AB1} = {26E8B310-269E-46D4-A612-24601F16065F}
		{6C706CE5-A206-4E46-8712-F8C48D526091} = {26E8B310-269E-46D4-A612-24601F16065F}
		{3F9ACC27-26DB-49FA-BCD2-50C54A49C9FA} = {26E8B310-269E-46D4-A612-24601F16065F}
		{A848FCF1-8527-4AA8-A1AA-50D29695C678} = {26E8B310-269E-46D4-A612-24601F16065F}
		{776B348B-F818-4A0F-A625-D0AF8BAD3E9B} = {A848FCF1-8527-4AA8-A1AA-50D29695C678}
		{F5815359-CFC7-44B4-9A3B-C04BACAD5836} = {26E8B310-269E-46D4-A612-24601F16065F}
		{00A1FED2-2254-4AF7-A5DB-2357FA7C88CD} = {26E8B310-269E-46D4-A612-24601F16065F}
		{581FA7AF-FEF6-483C-A7D0-2D13EF50801B} = {3065279E-17F0-4CE0-AF5B-014E04263D77}
	EndGlobalSection
	GlobalSection(ExtensibilityGlobals) = postSolution
		SolutionGuid = {84F8F8E0-1F73-41E0-BD8D-BB6676E2EE87}
	EndGlobalSection
EndGlobal
