
Microsoft Visual Studio Solution File, Format Version 12.00
# Visual Studio 2013
VisualStudioVersion = 12.0.40629.0
MinimumVisualStudioVersion = 10.0.40219.1
Project("{FAE04EC0-301F-11D3-BF4B-00C04F79EFBC}") = "IW4M ADMIN", "Admin\IW4M ADMIN.csproj", "{DD5DCDA2-51DB-4B1A-922F-5705546E6115}"
	ProjectSection(ProjectDependencies) = postProject
		{4785AB75-66F3-4391-985D-63A5A049A0FA} = {4785AB75-66F3-4391-985D-63A5A049A0FA}
		{99E36EBD-1FA1-494C-8A66-BECE64EFF378} = {99E36EBD-1FA1-494C-8A66-BECE64EFF378}
		{D51EECEB-438A-47DA-870F-7D7B41BC24D6} = {D51EECEB-438A-47DA-870F-7D7B41BC24D6}
	EndProjectSection
EndProject
Project("{FAE04EC0-301F-11D3-BF4B-00C04F79EFBC}") = "Webfront Plugin", "Webfront Plugin\Webfront Plugin.csproj", "{99E36EBD-1FA1-494C-8A66-BECE64EFF378}"
	ProjectSection(ProjectDependencies) = postProject
		{D51EECEB-438A-47DA-870F-7D7B41BC24D6} = {D51EECEB-438A-47DA-870F-7D7B41BC24D6}
	EndProjectSection
EndProject
Project("{FAE04EC0-301F-11D3-BF4B-00C04F79EFBC}") = "Stats Plugin", "Stats Plugin\Stats Plugin.csproj", "{4785AB75-66F3-4391-985D-63A5A049A0FA}"
	ProjectSection(ProjectDependencies) = postProject
		{D51EECEB-438A-47DA-870F-7D7B41BC24D6} = {D51EECEB-438A-47DA-870F-7D7B41BC24D6}
	EndProjectSection
EndProject
Project("{FAE04EC0-301F-11D3-BF4B-00C04F79EFBC}") = "SharedLibrary", "SharedLibrary\SharedLibrary.csproj", "{D51EECEB-438A-47DA-870F-7D7B41BC24D6}"
EndProject
Global
	GlobalSection(SolutionConfigurationPlatforms) = preSolution
		Debug|Any CPU = Debug|Any CPU
		Release|Any CPU = Release|Any CPU
	EndGlobalSection
	GlobalSection(ProjectConfigurationPlatforms) = postSolution
		{DD5DCDA2-51DB-4B1A-922F-5705546E6115}.Debug|Any CPU.ActiveCfg = Debug|Any CPU
		{DD5DCDA2-51DB-4B1A-922F-5705546E6115}.Debug|Any CPU.Build.0 = Debug|Any CPU
		{DD5DCDA2-51DB-4B1A-922F-5705546E6115}.Release|Any CPU.ActiveCfg = Debug|Any CPU
		{DD5DCDA2-51DB-4B1A-922F-5705546E6115}.Release|Any CPU.Build.0 = Debug|Any CPU
		{99E36EBD-1FA1-494C-8A66-BECE64EFF378}.Debug|Any CPU.ActiveCfg = Debug|Any CPU
		{99E36EBD-1FA1-494C-8A66-BECE64EFF378}.Debug|Any CPU.Build.0 = Debug|Any CPU
		{99E36EBD-1FA1-494C-8A66-BECE64EFF378}.Release|Any CPU.ActiveCfg = Debug|Any CPU
		{99E36EBD-1FA1-494C-8A66-BECE64EFF378}.Release|Any CPU.Build.0 = Debug|Any CPU
		{4785AB75-66F3-4391-985D-63A5A049A0FA}.Debug|Any CPU.ActiveCfg = Debug|Any CPU
		{4785AB75-66F3-4391-985D-63A5A049A0FA}.Debug|Any CPU.Build.0 = Debug|Any CPU
		{4785AB75-66F3-4391-985D-63A5A049A0FA}.Release|Any CPU.ActiveCfg = Debug|Any CPU
		{4785AB75-66F3-4391-985D-63A5A049A0FA}.Release|Any CPU.Build.0 = Debug|Any CPU
		{D51EECEB-438A-47DA-870F-7D7B41BC24D6}.Debug|Any CPU.ActiveCfg = Debug|Any CPU
		{D51EECEB-438A-47DA-870F-7D7B41BC24D6}.Debug|Any CPU.Build.0 = Debug|Any CPU
		{D51EECEB-438A-47DA-870F-7D7B41BC24D6}.Release|Any CPU.ActiveCfg = Release|Any CPU
		{D51EECEB-438A-47DA-870F-7D7B41BC24D6}.Release|Any CPU.Build.0 = Release|Any CPU
	EndGlobalSection
	GlobalSection(SolutionProperties) = preSolution
		HideSolutionNode = FALSE
	EndGlobalSection
EndGlobal
