
Microsoft Visual Studio Solution File, Format Version 12.00
# Visual Studio 15
VisualStudioVersion = 15.0.27004.2006
MinimumVisualStudioVersion = 10.0.40219.1
Project("{FAE04EC0-301F-11D3-BF4B-00C04F79EFBC}") = "Application", "Admin\Application.csproj", "{DD5DCDA2-51DB-4B1A-922F-5705546E6115}"
	ProjectSection(ProjectDependencies) = postProject
		{B8C2A759-8663-4F6F-9BA4-19595F5E12C1} = {B8C2A759-8663-4F6F-9BA4-19595F5E12C1}
		{AF097E6B-48D5-4452-9CCF-0A81A21F341D} = {AF097E6B-48D5-4452-9CCF-0A81A21F341D}
		{4785AB75-66F3-4391-985D-63A5A049A0FA} = {4785AB75-66F3-4391-985D-63A5A049A0FA}
		{428D8EB9-ECA3-4A66-AA59-3A944378C33F} = {428D8EB9-ECA3-4A66-AA59-3A944378C33F}
		{C9E821BF-23AD-4CB5-B7F9-B3B99B606650} = {C9E821BF-23AD-4CB5-B7F9-B3B99B606650}
		{D51EECEB-438A-47DA-870F-7D7B41BC24D6} = {D51EECEB-438A-47DA-870F-7D7B41BC24D6}
	EndProjectSection
EndProject
Project("{FAE04EC0-301F-11D3-BF4B-00C04F79EFBC}") = "StatsPlugin", "Plugins\SimpleStats\StatsPlugin.csproj", "{4785AB75-66F3-4391-985D-63A5A049A0FA}"
	ProjectSection(ProjectDependencies) = postProject
		{D51EECEB-438A-47DA-870F-7D7B41BC24D6} = {D51EECEB-438A-47DA-870F-7D7B41BC24D6}
	EndProjectSection
EndProject
Project("{FAE04EC0-301F-11D3-BF4B-00C04F79EFBC}") = "SharedLibrary", "SharedLibrary\SharedLibrary.csproj", "{D51EECEB-438A-47DA-870F-7D7B41BC24D6}"
EndProject
Project("{FAE04EC0-301F-11D3-BF4B-00C04F79EFBC}") = "WelcomePlugin", "Plugins\Welcome\WelcomePlugin.csproj", "{AF097E6B-48D5-4452-9CCF-0A81A21F341D}"
	ProjectSection(ProjectDependencies) = postProject
		{D51EECEB-438A-47DA-870F-7D7B41BC24D6} = {D51EECEB-438A-47DA-870F-7D7B41BC24D6}
	EndProjectSection
EndProject
Project("{FAE04EC0-301F-11D3-BF4B-00C04F79EFBC}") = "VotemapPlugin", "Plugins\VoteMap\VotemapPlugin.csproj", "{428D8EB9-ECA3-4A66-AA59-3A944378C33F}"
EndProject
Project("{FAE04EC0-301F-11D3-BF4B-00C04F79EFBC}") = "MessageboardPlugin", "Plugins\MessageBoard\MessageboardPlugin.csproj", "{E46C85BD-A99C-484E-BCCE-0F1831C5925E}"
EndProject
Project("{FAE04EC0-301F-11D3-BF4B-00C04F79EFBC}") = "EventAPI", "Plugins\EventAPI\EventAPI.csproj", "{C9E821BF-23AD-4CB5-B7F9-B3B99B606650}"
EndProject
Project("{2150E333-8FDC-42A3-9474-1A3956D46DE8}") = "Plugins", "Plugins", "{26E8B310-269E-46D4-A612-24601F16065F}"
EndProject
Project("{FAE04EC0-301F-11D3-BF4B-00C04F79EFBC}") = "FastRestartPlugin", "Plugins\FastRestart\FastRestartPlugin.csproj", "{1479DE87-ACB5-4046-81C8-A0BA5041227D}"
EndProject
Project("{2150E333-8FDC-42A3-9474-1A3956D46DE8}") = "Solution Items", "Solution Items", "{8C8F3945-0AEF-4949-A1F7-B18E952E50BC}"
	ProjectSection(SolutionItems) = preProject
		_customcallbacks.gsc = _customcallbacks.gsc
		README.md = README.md
	EndProjectSection
EndProject
Project("{FAE04EC0-301F-11D3-BF4B-00C04F79EFBC}") = "Tests", "Plugins\Tests\Tests.csproj", "{B8C2A759-8663-4F6F-9BA4-19595F5E12C1}"
EndProject
Global
	GlobalSection(SolutionConfigurationPlatforms) = preSolution
		Debug|Any CPU = Debug|Any CPU
		Debug|Mixed Platforms = Debug|Mixed Platforms
		Debug|x64 = Debug|x64
		Debug|x86 = Debug|x86
		Release-Nightly|Any CPU = Release-Nightly|Any CPU
		Release-Nightly|Mixed Platforms = Release-Nightly|Mixed Platforms
		Release-Nightly|x64 = Release-Nightly|x64
		Release-Nightly|x86 = Release-Nightly|x86
		Release-Stable|Any CPU = Release-Stable|Any CPU
		Release-Stable|Mixed Platforms = Release-Stable|Mixed Platforms
		Release-Stable|x64 = Release-Stable|x64
		Release-Stable|x86 = Release-Stable|x86
	EndGlobalSection
	GlobalSection(ProjectConfigurationPlatforms) = postSolution
		{DD5DCDA2-51DB-4B1A-922F-5705546E6115}.Debug|Any CPU.ActiveCfg = Debug|Any CPU
		{DD5DCDA2-51DB-4B1A-922F-5705546E6115}.Debug|Any CPU.Build.0 = Debug|Any CPU
		{DD5DCDA2-51DB-4B1A-922F-5705546E6115}.Debug|Mixed Platforms.ActiveCfg = Debug|x86
		{DD5DCDA2-51DB-4B1A-922F-5705546E6115}.Debug|Mixed Platforms.Build.0 = Debug|x86
		{DD5DCDA2-51DB-4B1A-922F-5705546E6115}.Debug|x64.ActiveCfg = Debug|Any CPU
		{DD5DCDA2-51DB-4B1A-922F-5705546E6115}.Debug|x64.Build.0 = Debug|Any CPU
		{DD5DCDA2-51DB-4B1A-922F-5705546E6115}.Debug|x86.ActiveCfg = Debug|x86
		{DD5DCDA2-51DB-4B1A-922F-5705546E6115}.Debug|x86.Build.0 = Debug|x86
		{DD5DCDA2-51DB-4B1A-922F-5705546E6115}.Release-Nightly|Any CPU.ActiveCfg = Release-Nightly|Any CPU
		{DD5DCDA2-51DB-4B1A-922F-5705546E6115}.Release-Nightly|Any CPU.Build.0 = Release-Nightly|Any CPU
		{DD5DCDA2-51DB-4B1A-922F-5705546E6115}.Release-Nightly|Mixed Platforms.ActiveCfg = Release-Nightly|x86
		{DD5DCDA2-51DB-4B1A-922F-5705546E6115}.Release-Nightly|Mixed Platforms.Build.0 = Release-Nightly|x86
		{DD5DCDA2-51DB-4B1A-922F-5705546E6115}.Release-Nightly|x64.ActiveCfg = Release-Nightly|Any CPU
		{DD5DCDA2-51DB-4B1A-922F-5705546E6115}.Release-Nightly|x64.Build.0 = Release-Nightly|Any CPU
		{DD5DCDA2-51DB-4B1A-922F-5705546E6115}.Release-Nightly|x86.ActiveCfg = Release-Nightly|Any CPU
		{DD5DCDA2-51DB-4B1A-922F-5705546E6115}.Release-Nightly|x86.Build.0 = Release-Nightly|Any CPU
		{DD5DCDA2-51DB-4B1A-922F-5705546E6115}.Release-Stable|Any CPU.ActiveCfg = Debug|Any CPU
		{DD5DCDA2-51DB-4B1A-922F-5705546E6115}.Release-Stable|Any CPU.Build.0 = Debug|Any CPU
		{DD5DCDA2-51DB-4B1A-922F-5705546E6115}.Release-Stable|Mixed Platforms.ActiveCfg = Release-Stable|x86
		{DD5DCDA2-51DB-4B1A-922F-5705546E6115}.Release-Stable|Mixed Platforms.Build.0 = Release-Stable|x86
		{DD5DCDA2-51DB-4B1A-922F-5705546E6115}.Release-Stable|x64.ActiveCfg = Release-Stable|Any CPU
		{DD5DCDA2-51DB-4B1A-922F-5705546E6115}.Release-Stable|x64.Build.0 = Release-Stable|Any CPU
		{DD5DCDA2-51DB-4B1A-922F-5705546E6115}.Release-Stable|x86.ActiveCfg = Release-Stable|Any CPU
		{DD5DCDA2-51DB-4B1A-922F-5705546E6115}.Release-Stable|x86.Build.0 = Release-Stable|Any CPU
		{4785AB75-66F3-4391-985D-63A5A049A0FA}.Debug|Any CPU.ActiveCfg = Debug|Any CPU
		{4785AB75-66F3-4391-985D-63A5A049A0FA}.Debug|Any CPU.Build.0 = Debug|Any CPU
		{4785AB75-66F3-4391-985D-63A5A049A0FA}.Debug|Mixed Platforms.ActiveCfg = Debug|x86
		{4785AB75-66F3-4391-985D-63A5A049A0FA}.Debug|Mixed Platforms.Build.0 = Debug|x86
		{4785AB75-66F3-4391-985D-63A5A049A0FA}.Debug|x64.ActiveCfg = Debug|Any CPU
		{4785AB75-66F3-4391-985D-63A5A049A0FA}.Debug|x64.Build.0 = Debug|Any CPU
		{4785AB75-66F3-4391-985D-63A5A049A0FA}.Debug|x86.ActiveCfg = Debug|x86
		{4785AB75-66F3-4391-985D-63A5A049A0FA}.Debug|x86.Build.0 = Debug|x86
		{4785AB75-66F3-4391-985D-63A5A049A0FA}.Release-Nightly|Any CPU.ActiveCfg = Release-Nightly|Any CPU
		{4785AB75-66F3-4391-985D-63A5A049A0FA}.Release-Nightly|Any CPU.Build.0 = Release-Nightly|Any CPU
		{4785AB75-66F3-4391-985D-63A5A049A0FA}.Release-Nightly|Mixed Platforms.ActiveCfg = Release-Nightly|x86
		{4785AB75-66F3-4391-985D-63A5A049A0FA}.Release-Nightly|Mixed Platforms.Build.0 = Release-Nightly|x86
		{4785AB75-66F3-4391-985D-63A5A049A0FA}.Release-Nightly|x64.ActiveCfg = Release-Nightly|Any CPU
		{4785AB75-66F3-4391-985D-63A5A049A0FA}.Release-Nightly|x64.Build.0 = Release-Nightly|Any CPU
		{4785AB75-66F3-4391-985D-63A5A049A0FA}.Release-Nightly|x86.ActiveCfg = Release-Nightly|Any CPU
		{4785AB75-66F3-4391-985D-63A5A049A0FA}.Release-Nightly|x86.Build.0 = Release-Nightly|Any CPU
		{4785AB75-66F3-4391-985D-63A5A049A0FA}.Release-Stable|Any CPU.ActiveCfg = Debug|Any CPU
		{4785AB75-66F3-4391-985D-63A5A049A0FA}.Release-Stable|Any CPU.Build.0 = Debug|Any CPU
		{4785AB75-66F3-4391-985D-63A5A049A0FA}.Release-Stable|Mixed Platforms.ActiveCfg = Release-Stable|x86
		{4785AB75-66F3-4391-985D-63A5A049A0FA}.Release-Stable|Mixed Platforms.Build.0 = Release-Stable|x86
		{4785AB75-66F3-4391-985D-63A5A049A0FA}.Release-Stable|x64.ActiveCfg = Release-Stable|Any CPU
		{4785AB75-66F3-4391-985D-63A5A049A0FA}.Release-Stable|x64.Build.0 = Release-Stable|Any CPU
		{4785AB75-66F3-4391-985D-63A5A049A0FA}.Release-Stable|x86.ActiveCfg = Release-Stable|Any CPU
		{4785AB75-66F3-4391-985D-63A5A049A0FA}.Release-Stable|x86.Build.0 = Release-Stable|Any CPU
		{D51EECEB-438A-47DA-870F-7D7B41BC24D6}.Debug|Any CPU.ActiveCfg = Debug|Any CPU
		{D51EECEB-438A-47DA-870F-7D7B41BC24D6}.Debug|Any CPU.Build.0 = Debug|Any CPU
		{D51EECEB-438A-47DA-870F-7D7B41BC24D6}.Debug|Mixed Platforms.ActiveCfg = Debug|x86
		{D51EECEB-438A-47DA-870F-7D7B41BC24D6}.Debug|Mixed Platforms.Build.0 = Debug|x86
		{D51EECEB-438A-47DA-870F-7D7B41BC24D6}.Debug|x64.ActiveCfg = Debug|Any CPU
		{D51EECEB-438A-47DA-870F-7D7B41BC24D6}.Debug|x64.Build.0 = Debug|Any CPU
		{D51EECEB-438A-47DA-870F-7D7B41BC24D6}.Debug|x86.ActiveCfg = Debug|x86
		{D51EECEB-438A-47DA-870F-7D7B41BC24D6}.Debug|x86.Build.0 = Debug|x86
		{D51EECEB-438A-47DA-870F-7D7B41BC24D6}.Release-Nightly|Any CPU.ActiveCfg = Release-Nightly|Any CPU
		{D51EECEB-438A-47DA-870F-7D7B41BC24D6}.Release-Nightly|Any CPU.Build.0 = Release-Nightly|Any CPU
		{D51EECEB-438A-47DA-870F-7D7B41BC24D6}.Release-Nightly|Mixed Platforms.ActiveCfg = Release-Nightly|x86
		{D51EECEB-438A-47DA-870F-7D7B41BC24D6}.Release-Nightly|Mixed Platforms.Build.0 = Release-Nightly|x86
		{D51EECEB-438A-47DA-870F-7D7B41BC24D6}.Release-Nightly|x64.ActiveCfg = Release-Nightly|Any CPU
		{D51EECEB-438A-47DA-870F-7D7B41BC24D6}.Release-Nightly|x64.Build.0 = Release-Nightly|Any CPU
		{D51EECEB-438A-47DA-870F-7D7B41BC24D6}.Release-Nightly|x86.ActiveCfg = Release-Nightly|Any CPU
		{D51EECEB-438A-47DA-870F-7D7B41BC24D6}.Release-Nightly|x86.Build.0 = Release-Nightly|Any CPU
		{D51EECEB-438A-47DA-870F-7D7B41BC24D6}.Release-Stable|Any CPU.ActiveCfg = Debug|Any CPU
		{D51EECEB-438A-47DA-870F-7D7B41BC24D6}.Release-Stable|Any CPU.Build.0 = Debug|Any CPU
		{D51EECEB-438A-47DA-870F-7D7B41BC24D6}.Release-Stable|Mixed Platforms.ActiveCfg = Release-Stable|x86
		{D51EECEB-438A-47DA-870F-7D7B41BC24D6}.Release-Stable|Mixed Platforms.Build.0 = Release-Stable|x86
		{D51EECEB-438A-47DA-870F-7D7B41BC24D6}.Release-Stable|x64.ActiveCfg = Release-Stable|Any CPU
		{D51EECEB-438A-47DA-870F-7D7B41BC24D6}.Release-Stable|x64.Build.0 = Release-Stable|Any CPU
		{D51EECEB-438A-47DA-870F-7D7B41BC24D6}.Release-Stable|x86.ActiveCfg = Release-Stable|Any CPU
		{D51EECEB-438A-47DA-870F-7D7B41BC24D6}.Release-Stable|x86.Build.0 = Release-Stable|Any CPU
		{AF097E6B-48D5-4452-9CCF-0A81A21F341D}.Debug|Any CPU.ActiveCfg = Debug|Any CPU
		{AF097E6B-48D5-4452-9CCF-0A81A21F341D}.Debug|Any CPU.Build.0 = Debug|Any CPU
		{AF097E6B-48D5-4452-9CCF-0A81A21F341D}.Debug|Mixed Platforms.ActiveCfg = Debug|x86
		{AF097E6B-48D5-4452-9CCF-0A81A21F341D}.Debug|Mixed Platforms.Build.0 = Debug|x86
		{AF097E6B-48D5-4452-9CCF-0A81A21F341D}.Debug|x64.ActiveCfg = Debug|Any CPU
		{AF097E6B-48D5-4452-9CCF-0A81A21F341D}.Debug|x64.Build.0 = Debug|Any CPU
		{AF097E6B-48D5-4452-9CCF-0A81A21F341D}.Debug|x86.ActiveCfg = Debug|x86
		{AF097E6B-48D5-4452-9CCF-0A81A21F341D}.Debug|x86.Build.0 = Debug|x86
		{AF097E6B-48D5-4452-9CCF-0A81A21F341D}.Release-Nightly|Any CPU.ActiveCfg = Release-Nightly|Any CPU
		{AF097E6B-48D5-4452-9CCF-0A81A21F341D}.Release-Nightly|Any CPU.Build.0 = Release-Nightly|Any CPU
		{AF097E6B-48D5-4452-9CCF-0A81A21F341D}.Release-Nightly|Mixed Platforms.ActiveCfg = Release-Nightly|x86
		{AF097E6B-48D5-4452-9CCF-0A81A21F341D}.Release-Nightly|Mixed Platforms.Build.0 = Release-Nightly|x86
		{AF097E6B-48D5-4452-9CCF-0A81A21F341D}.Release-Nightly|x64.ActiveCfg = Release-Nightly|Any CPU
		{AF097E6B-48D5-4452-9CCF-0A81A21F341D}.Release-Nightly|x64.Build.0 = Release-Nightly|Any CPU
		{AF097E6B-48D5-4452-9CCF-0A81A21F341D}.Release-Nightly|x86.ActiveCfg = Release-Nightly|Any CPU
		{AF097E6B-48D5-4452-9CCF-0A81A21F341D}.Release-Nightly|x86.Build.0 = Release-Nightly|Any CPU
		{AF097E6B-48D5-4452-9CCF-0A81A21F341D}.Release-Stable|Any CPU.ActiveCfg = Debug|Any CPU
		{AF097E6B-48D5-4452-9CCF-0A81A21F341D}.Release-Stable|Any CPU.Build.0 = Debug|Any CPU
		{AF097E6B-48D5-4452-9CCF-0A81A21F341D}.Release-Stable|Mixed Platforms.ActiveCfg = Release-Stable|x86
		{AF097E6B-48D5-4452-9CCF-0A81A21F341D}.Release-Stable|Mixed Platforms.Build.0 = Release-Stable|x86
		{AF097E6B-48D5-4452-9CCF-0A81A21F341D}.Release-Stable|x64.ActiveCfg = Release-Stable|Any CPU
		{AF097E6B-48D5-4452-9CCF-0A81A21F341D}.Release-Stable|x64.Build.0 = Release-Stable|Any CPU
		{AF097E6B-48D5-4452-9CCF-0A81A21F341D}.Release-Stable|x86.ActiveCfg = Release-Stable|Any CPU
		{AF097E6B-48D5-4452-9CCF-0A81A21F341D}.Release-Stable|x86.Build.0 = Release-Stable|Any CPU
		{428D8EB9-ECA3-4A66-AA59-3A944378C33F}.Debug|Any CPU.ActiveCfg = Debug|Any CPU
		{428D8EB9-ECA3-4A66-AA59-3A944378C33F}.Debug|Any CPU.Build.0 = Debug|Any CPU
		{428D8EB9-ECA3-4A66-AA59-3A944378C33F}.Debug|Mixed Platforms.ActiveCfg = Debug|x86
		{428D8EB9-ECA3-4A66-AA59-3A944378C33F}.Debug|Mixed Platforms.Build.0 = Debug|x86
		{428D8EB9-ECA3-4A66-AA59-3A944378C33F}.Debug|x64.ActiveCfg = Debug|Any CPU
		{428D8EB9-ECA3-4A66-AA59-3A944378C33F}.Debug|x64.Build.0 = Debug|Any CPU
		{428D8EB9-ECA3-4A66-AA59-3A944378C33F}.Debug|x86.ActiveCfg = Debug|x86
		{428D8EB9-ECA3-4A66-AA59-3A944378C33F}.Debug|x86.Build.0 = Debug|x86
		{428D8EB9-ECA3-4A66-AA59-3A944378C33F}.Release-Nightly|Any CPU.ActiveCfg = Release-Nightly|Any CPU
		{428D8EB9-ECA3-4A66-AA59-3A944378C33F}.Release-Nightly|Mixed Platforms.ActiveCfg = Release-Nightly|x86
		{428D8EB9-ECA3-4A66-AA59-3A944378C33F}.Release-Nightly|Mixed Platforms.Build.0 = Release-Nightly|x86
		{428D8EB9-ECA3-4A66-AA59-3A944378C33F}.Release-Nightly|x64.ActiveCfg = Release-Nightly|Any CPU
		{428D8EB9-ECA3-4A66-AA59-3A944378C33F}.Release-Nightly|x64.Build.0 = Release-Nightly|Any CPU
		{428D8EB9-ECA3-4A66-AA59-3A944378C33F}.Release-Nightly|x86.ActiveCfg = Release-Nightly|Any CPU
		{428D8EB9-ECA3-4A66-AA59-3A944378C33F}.Release-Nightly|x86.Build.0 = Release-Nightly|Any CPU
		{428D8EB9-ECA3-4A66-AA59-3A944378C33F}.Release-Stable|Any CPU.ActiveCfg = Debug|Any CPU
		{428D8EB9-ECA3-4A66-AA59-3A944378C33F}.Release-Stable|Mixed Platforms.ActiveCfg = Release-Stable|x86
		{428D8EB9-ECA3-4A66-AA59-3A944378C33F}.Release-Stable|Mixed Platforms.Build.0 = Release-Stable|x86
		{428D8EB9-ECA3-4A66-AA59-3A944378C33F}.Release-Stable|x64.ActiveCfg = Release-Stable|Any CPU
		{428D8EB9-ECA3-4A66-AA59-3A944378C33F}.Release-Stable|x64.Build.0 = Release-Stable|Any CPU
		{428D8EB9-ECA3-4A66-AA59-3A944378C33F}.Release-Stable|x86.ActiveCfg = Release-Stable|Any CPU
		{428D8EB9-ECA3-4A66-AA59-3A944378C33F}.Release-Stable|x86.Build.0 = Release-Stable|Any CPU
		{E46C85BD-A99C-484E-BCCE-0F1831C5925E}.Debug|Any CPU.ActiveCfg = Debug|Any CPU
		{E46C85BD-A99C-484E-BCCE-0F1831C5925E}.Debug|Any CPU.Build.0 = Debug|Any CPU
		{E46C85BD-A99C-484E-BCCE-0F1831C5925E}.Debug|Mixed Platforms.ActiveCfg = Release-Stable|Any CPU
		{E46C85BD-A99C-484E-BCCE-0F1831C5925E}.Debug|x64.ActiveCfg = Release-Stable|Any CPU
		{E46C85BD-A99C-484E-BCCE-0F1831C5925E}.Debug|x86.ActiveCfg = Debug|x86
		{E46C85BD-A99C-484E-BCCE-0F1831C5925E}.Debug|x86.Build.0 = Debug|x86
		{E46C85BD-A99C-484E-BCCE-0F1831C5925E}.Release-Nightly|Any CPU.ActiveCfg = Release-Nightly|Any CPU
		{E46C85BD-A99C-484E-BCCE-0F1831C5925E}.Release-Nightly|Mixed Platforms.ActiveCfg = Release-Stable|Any CPU
		{E46C85BD-A99C-484E-BCCE-0F1831C5925E}.Release-Nightly|x64.ActiveCfg = Release-Stable|Any CPU
		{E46C85BD-A99C-484E-BCCE-0F1831C5925E}.Release-Nightly|x86.ActiveCfg = Release-Nightly|Any CPU
		{E46C85BD-A99C-484E-BCCE-0F1831C5925E}.Release-Nightly|x86.Build.0 = Release-Nightly|Any CPU
		{E46C85BD-A99C-484E-BCCE-0F1831C5925E}.Release-Stable|Any CPU.ActiveCfg = Debug|Any CPU
		{E46C85BD-A99C-484E-BCCE-0F1831C5925E}.Release-Stable|Mixed Platforms.ActiveCfg = Release-Stable|Any CPU
		{E46C85BD-A99C-484E-BCCE-0F1831C5925E}.Release-Stable|x64.ActiveCfg = Release-Stable|Any CPU
		{E46C85BD-A99C-484E-BCCE-0F1831C5925E}.Release-Stable|x86.ActiveCfg = Release-Stable|Any CPU
		{E46C85BD-A99C-484E-BCCE-0F1831C5925E}.Release-Stable|x86.Build.0 = Release-Stable|Any CPU
		{C9E821BF-23AD-4CB5-B7F9-B3B99B606650}.Debug|Any CPU.ActiveCfg = Debug|Any CPU
		{C9E821BF-23AD-4CB5-B7F9-B3B99B606650}.Debug|Any CPU.Build.0 = Debug|Any CPU
		{C9E821BF-23AD-4CB5-B7F9-B3B99B606650}.Debug|Mixed Platforms.ActiveCfg = Debug|x86
		{C9E821BF-23AD-4CB5-B7F9-B3B99B606650}.Debug|Mixed Platforms.Build.0 = Debug|x86
		{C9E821BF-23AD-4CB5-B7F9-B3B99B606650}.Debug|x64.ActiveCfg = Debug|Any CPU
		{C9E821BF-23AD-4CB5-B7F9-B3B99B606650}.Debug|x64.Build.0 = Debug|Any CPU
		{C9E821BF-23AD-4CB5-B7F9-B3B99B606650}.Debug|x86.ActiveCfg = Debug|x86
		{C9E821BF-23AD-4CB5-B7F9-B3B99B606650}.Debug|x86.Build.0 = Debug|x86
		{C9E821BF-23AD-4CB5-B7F9-B3B99B606650}.Release-Nightly|Any CPU.ActiveCfg = Release-Nightly|Any CPU
		{C9E821BF-23AD-4CB5-B7F9-B3B99B606650}.Release-Nightly|Any CPU.Build.0 = Release-Nightly|Any CPU
		{C9E821BF-23AD-4CB5-B7F9-B3B99B606650}.Release-Nightly|Mixed Platforms.ActiveCfg = Release-Nightly|x86
		{C9E821BF-23AD-4CB5-B7F9-B3B99B606650}.Release-Nightly|Mixed Platforms.Build.0 = Release-Nightly|x86
		{C9E821BF-23AD-4CB5-B7F9-B3B99B606650}.Release-Nightly|x64.ActiveCfg = Release-Nightly|Any CPU
		{C9E821BF-23AD-4CB5-B7F9-B3B99B606650}.Release-Nightly|x64.Build.0 = Release-Nightly|Any CPU
		{C9E821BF-23AD-4CB5-B7F9-B3B99B606650}.Release-Nightly|x86.ActiveCfg = Release-Nightly|Any CPU
		{C9E821BF-23AD-4CB5-B7F9-B3B99B606650}.Release-Nightly|x86.Build.0 = Release-Nightly|Any CPU
		{C9E821BF-23AD-4CB5-B7F9-B3B99B606650}.Release-Stable|Any CPU.ActiveCfg = Debug|Any CPU
		{C9E821BF-23AD-4CB5-B7F9-B3B99B606650}.Release-Stable|Any CPU.Build.0 = Debug|Any CPU
		{C9E821BF-23AD-4CB5-B7F9-B3B99B606650}.Release-Stable|Mixed Platforms.ActiveCfg = Release-Stable|x86
		{C9E821BF-23AD-4CB5-B7F9-B3B99B606650}.Release-Stable|Mixed Platforms.Build.0 = Release-Stable|x86
		{C9E821BF-23AD-4CB5-B7F9-B3B99B606650}.Release-Stable|x64.ActiveCfg = Release-Stable|Any CPU
		{C9E821BF-23AD-4CB5-B7F9-B3B99B606650}.Release-Stable|x64.Build.0 = Release-Stable|Any CPU
		{C9E821BF-23AD-4CB5-B7F9-B3B99B606650}.Release-Stable|x86.ActiveCfg = Release-Stable|Any CPU
		{C9E821BF-23AD-4CB5-B7F9-B3B99B606650}.Release-Stable|x86.Build.0 = Release-Stable|Any CPU
		{1479DE87-ACB5-4046-81C8-A0BA5041227D}.Debug|Any CPU.ActiveCfg = Debug|Any CPU
		{1479DE87-ACB5-4046-81C8-A0BA5041227D}.Debug|Any CPU.Build.0 = Debug|Any CPU
		{1479DE87-ACB5-4046-81C8-A0BA5041227D}.Debug|Mixed Platforms.ActiveCfg = Debug|x86
		{1479DE87-ACB5-4046-81C8-A0BA5041227D}.Debug|Mixed Platforms.Build.0 = Debug|x86
		{1479DE87-ACB5-4046-81C8-A0BA5041227D}.Debug|x64.ActiveCfg = Debug|Any CPU
		{1479DE87-ACB5-4046-81C8-A0BA5041227D}.Debug|x64.Build.0 = Debug|Any CPU
		{1479DE87-ACB5-4046-81C8-A0BA5041227D}.Debug|x86.ActiveCfg = Debug|x86
		{1479DE87-ACB5-4046-81C8-A0BA5041227D}.Debug|x86.Build.0 = Debug|x86
		{1479DE87-ACB5-4046-81C8-A0BA5041227D}.Release-Nightly|Any CPU.ActiveCfg = Release-Nightly|Any CPU
		{1479DE87-ACB5-4046-81C8-A0BA5041227D}.Release-Nightly|Mixed Platforms.ActiveCfg = Release-Nightly|x86
		{1479DE87-ACB5-4046-81C8-A0BA5041227D}.Release-Nightly|Mixed Platforms.Build.0 = Release-Nightly|x86
		{1479DE87-ACB5-4046-81C8-A0BA5041227D}.Release-Nightly|x64.ActiveCfg = Release-Nightly|Any CPU
		{1479DE87-ACB5-4046-81C8-A0BA5041227D}.Release-Nightly|x64.Build.0 = Release-Nightly|Any CPU
		{1479DE87-ACB5-4046-81C8-A0BA5041227D}.Release-Nightly|x86.ActiveCfg = Release-Nightly|Any CPU
		{1479DE87-ACB5-4046-81C8-A0BA5041227D}.Release-Nightly|x86.Build.0 = Release-Nightly|Any CPU
		{1479DE87-ACB5-4046-81C8-A0BA5041227D}.Release-Stable|Any CPU.ActiveCfg = Debug|Any CPU
		{1479DE87-ACB5-4046-81C8-A0BA5041227D}.Release-Stable|Mixed Platforms.ActiveCfg = Release-Stable|x86
		{1479DE87-ACB5-4046-81C8-A0BA5041227D}.Release-Stable|Mixed Platforms.Build.0 = Release-Stable|x86
		{1479DE87-ACB5-4046-81C8-A0BA5041227D}.Release-Stable|x64.ActiveCfg = Release-Stable|Any CPU
		{1479DE87-ACB5-4046-81C8-A0BA5041227D}.Release-Stable|x64.Build.0 = Release-Stable|Any CPU
		{1479DE87-ACB5-4046-81C8-A0BA5041227D}.Release-Stable|x86.ActiveCfg = Release-Stable|Any CPU
		{1479DE87-ACB5-4046-81C8-A0BA5041227D}.Release-Stable|x86.Build.0 = Release-Stable|Any CPU
		{B8C2A759-8663-4F6F-9BA4-19595F5E12C1}.Debug|Any CPU.ActiveCfg = Debug|Any CPU
		{B8C2A759-8663-4F6F-9BA4-19595F5E12C1}.Debug|Any CPU.Build.0 = Debug|Any CPU
		{B8C2A759-8663-4F6F-9BA4-19595F5E12C1}.Debug|Mixed Platforms.ActiveCfg = Debug|Any CPU
		{B8C2A759-8663-4F6F-9BA4-19595F5E12C1}.Debug|Mixed Platforms.Build.0 = Debug|Any CPU
		{B8C2A759-8663-4F6F-9BA4-19595F5E12C1}.Debug|x64.ActiveCfg = Debug|Any CPU
		{B8C2A759-8663-4F6F-9BA4-19595F5E12C1}.Debug|x64.Build.0 = Debug|Any CPU
		{B8C2A759-8663-4F6F-9BA4-19595F5E12C1}.Debug|x86.ActiveCfg = Debug|x86
		{B8C2A759-8663-4F6F-9BA4-19595F5E12C1}.Debug|x86.Build.0 = Debug|x86
		{B8C2A759-8663-4F6F-9BA4-19595F5E12C1}.Release-Nightly|Any CPU.ActiveCfg = Release-Nightly|Any CPU
		{B8C2A759-8663-4F6F-9BA4-19595F5E12C1}.Release-Nightly|Mixed Platforms.ActiveCfg = Release-Nightly|x86
		{B8C2A759-8663-4F6F-9BA4-19595F5E12C1}.Release-Nightly|Mixed Platforms.Build.0 = Release-Nightly|x86
		{B8C2A759-8663-4F6F-9BA4-19595F5E12C1}.Release-Nightly|x64.ActiveCfg = Release-Nightly|Any CPU
		{B8C2A759-8663-4F6F-9BA4-19595F5E12C1}.Release-Nightly|x64.Build.0 = Release-Nightly|Any CPU
		{B8C2A759-8663-4F6F-9BA4-19595F5E12C1}.Release-Nightly|x86.ActiveCfg = Release-Nightly|Any CPU
		{B8C2A759-8663-4F6F-9BA4-19595F5E12C1}.Release-Nightly|x86.Build.0 = Release-Nightly|Any CPU
		{B8C2A759-8663-4F6F-9BA4-19595F5E12C1}.Release-Stable|Any CPU.ActiveCfg = Debug|Any CPU
		{B8C2A759-8663-4F6F-9BA4-19595F5E12C1}.Release-Stable|Mixed Platforms.ActiveCfg = Release-Stable|x86
		{B8C2A759-8663-4F6F-9BA4-19595F5E12C1}.Release-Stable|Mixed Platforms.Build.0 = Release-Stable|x86
		{B8C2A759-8663-4F6F-9BA4-19595F5E12C1}.Release-Stable|x64.ActiveCfg = Release-Stable|Any CPU
		{B8C2A759-8663-4F6F-9BA4-19595F5E12C1}.Release-Stable|x64.Build.0 = Release-Stable|Any CPU
		{B8C2A759-8663-4F6F-9BA4-19595F5E12C1}.Release-Stable|x86.ActiveCfg = Release-Stable|Any CPU
		{B8C2A759-8663-4F6F-9BA4-19595F5E12C1}.Release-Stable|x86.Build.0 = Release-Stable|Any CPU
	EndGlobalSection
	GlobalSection(SolutionProperties) = preSolution
		HideSolutionNode = FALSE
	EndGlobalSection
	GlobalSection(NestedProjects) = preSolution
		{4785AB75-66F3-4391-985D-63A5A049A0FA} = {26E8B310-269E-46D4-A612-24601F16065F}
		{AF097E6B-48D5-4452-9CCF-0A81A21F341D} = {26E8B310-269E-46D4-A612-24601F16065F}
		{428D8EB9-ECA3-4A66-AA59-3A944378C33F} = {26E8B310-269E-46D4-A612-24601F16065F}
		{E46C85BD-A99C-484E-BCCE-0F1831C5925E} = {26E8B310-269E-46D4-A612-24601F16065F}
		{C9E821BF-23AD-4CB5-B7F9-B3B99B606650} = {26E8B310-269E-46D4-A612-24601F16065F}
		{1479DE87-ACB5-4046-81C8-A0BA5041227D} = {26E8B310-269E-46D4-A612-24601F16065F}
		{B8C2A759-8663-4F6F-9BA4-19595F5E12C1} = {26E8B310-269E-46D4-A612-24601F16065F}
	EndGlobalSection
	GlobalSection(ExtensibilityGlobals) = postSolution
		SolutionGuid = {84F8F8E0-1F73-41E0-BD8D-BB6676E2EE87}
	EndGlobalSection
EndGlobal
