
Microsoft Visual Studio Solution File, Format Version 12.00
# Visual Studio 15
VisualStudioVersion = 15.0.26403.7
MinimumVisualStudioVersion = 10.0.40219.1
Project("{FAE04EC0-301F-11D3-BF4B-00C04F79EFBC}") = "IW4M ADMIN", "Admin\IW4M ADMIN.csproj", "{DD5DCDA2-51DB-4B1A-922F-5705546E6115}"
	ProjectSection(ProjectDependencies) = postProject
		{2321A25F-7871-47C3-8440-02551918D6A1} = {2321A25F-7871-47C3-8440-02551918D6A1}
		{AF097E6B-48D5-4452-9CCF-0A81A21F341D} = {AF097E6B-48D5-4452-9CCF-0A81A21F341D}
		{4785AB75-66F3-4391-985D-63A5A049A0FA} = {4785AB75-66F3-4391-985D-63A5A049A0FA}
		{428D8EB9-ECA3-4A66-AA59-3A944378C33F} = {428D8EB9-ECA3-4A66-AA59-3A944378C33F}
		{E46C85BD-A99C-484E-BCCE-0F1831C5925E} = {E46C85BD-A99C-484E-BCCE-0F1831C5925E}
		{C9E821BF-23AD-4CB5-B7F9-B3B99B606650} = {C9E821BF-23AD-4CB5-B7F9-B3B99B606650}
		{D51EECEB-438A-47DA-870F-7D7B41BC24D6} = {D51EECEB-438A-47DA-870F-7D7B41BC24D6}
	EndProjectSection
EndProject
Project("{FAE04EC0-301F-11D3-BF4B-00C04F79EFBC}") = "Stats Plugin", "Stats Plugin\Stats Plugin.csproj", "{4785AB75-66F3-4391-985D-63A5A049A0FA}"
	ProjectSection(ProjectDependencies) = postProject
		{D51EECEB-438A-47DA-870F-7D7B41BC24D6} = {D51EECEB-438A-47DA-870F-7D7B41BC24D6}
	EndProjectSection
EndProject
Project("{FAE04EC0-301F-11D3-BF4B-00C04F79EFBC}") = "SharedLibrary", "SharedLibrary\SharedLibrary.csproj", "{D51EECEB-438A-47DA-870F-7D7B41BC24D6}"
EndProject
Project("{FAE04EC0-301F-11D3-BF4B-00C04F79EFBC}") = "Welcome Plugin", "Welcome Plugin\Welcome Plugin.csproj", "{AF097E6B-48D5-4452-9CCF-0A81A21F341D}"
	ProjectSection(ProjectDependencies) = postProject
		{D51EECEB-438A-47DA-870F-7D7B41BC24D6} = {D51EECEB-438A-47DA-870F-7D7B41BC24D6}
	EndProjectSection
EndProject
Project("{FAE04EC0-301F-11D3-BF4B-00C04F79EFBC}") = "Auto Restart Plugin", "Auto Restart Plugin\Auto Restart Plugin.csproj", "{2321A25F-7871-47C3-8440-02551918D6A1}"
EndProject
Project("{FAE04EC0-301F-11D3-BF4B-00C04F79EFBC}") = "Votemap Plugin", "Votemap Plugin\Votemap Plugin.csproj", "{428D8EB9-ECA3-4A66-AA59-3A944378C33F}"
EndProject
Project("{FAE04EC0-301F-11D3-BF4B-00C04F79EFBC}") = "MessageboardPlugin", "MessageboardPlugin\MessageboardPlugin.csproj", "{E46C85BD-A99C-484E-BCCE-0F1831C5925E}"
EndProject
Project("{FAE04EC0-301F-11D3-BF4B-00C04F79EFBC}") = "EventAPI", "EventAPI\EventAPI.csproj", "{C9E821BF-23AD-4CB5-B7F9-B3B99B606650}"
EndProject
Project("{2150E333-8FDC-42A3-9474-1A3956D46DE8}") = "Plugins", "Plugins", "{26E8B310-269E-46D4-A612-24601F16065F}"
EndProject
Global
	GlobalSection(SolutionConfigurationPlatforms) = preSolution
		Debug|Any CPU = Debug|Any CPU
		Debug|Mixed Platforms = Debug|Mixed Platforms
		Debug|x64 = Debug|x64
		Debug|x86 = Debug|x86
		Release|Any CPU = Release|Any CPU
		Release|Mixed Platforms = Release|Mixed Platforms
		Release|x64 = Release|x64
		Release|x86 = Release|x86
	EndGlobalSection
	GlobalSection(ProjectConfigurationPlatforms) = postSolution
		{DD5DCDA2-51DB-4B1A-922F-5705546E6115}.Debug|Any CPU.ActiveCfg = Debug|Any CPU
		{DD5DCDA2-51DB-4B1A-922F-5705546E6115}.Debug|Any CPU.Build.0 = Debug|Any CPU
		{DD5DCDA2-51DB-4B1A-922F-5705546E6115}.Debug|Mixed Platforms.ActiveCfg = Debug|Any CPU
		{DD5DCDA2-51DB-4B1A-922F-5705546E6115}.Debug|Mixed Platforms.Build.0 = Debug|Any CPU
		{DD5DCDA2-51DB-4B1A-922F-5705546E6115}.Debug|x64.ActiveCfg = Debug|Any CPU
		{DD5DCDA2-51DB-4B1A-922F-5705546E6115}.Debug|x64.Build.0 = Debug|Any CPU
		{DD5DCDA2-51DB-4B1A-922F-5705546E6115}.Debug|x86.ActiveCfg = Debug|Any CPU
		{DD5DCDA2-51DB-4B1A-922F-5705546E6115}.Debug|x86.Build.0 = Debug|Any CPU
		{DD5DCDA2-51DB-4B1A-922F-5705546E6115}.Release|Any CPU.ActiveCfg = Release|Any CPU
		{DD5DCDA2-51DB-4B1A-922F-5705546E6115}.Release|Any CPU.Build.0 = Release|Any CPU
		{DD5DCDA2-51DB-4B1A-922F-5705546E6115}.Release|Mixed Platforms.ActiveCfg = Release|Any CPU
		{DD5DCDA2-51DB-4B1A-922F-5705546E6115}.Release|Mixed Platforms.Build.0 = Release|Any CPU
		{DD5DCDA2-51DB-4B1A-922F-5705546E6115}.Release|x64.ActiveCfg = Release|Any CPU
		{DD5DCDA2-51DB-4B1A-922F-5705546E6115}.Release|x64.Build.0 = Release|Any CPU
		{DD5DCDA2-51DB-4B1A-922F-5705546E6115}.Release|x86.ActiveCfg = Release|Any CPU
		{DD5DCDA2-51DB-4B1A-922F-5705546E6115}.Release|x86.Build.0 = Release|Any CPU
		{4785AB75-66F3-4391-985D-63A5A049A0FA}.Debug|Any CPU.ActiveCfg = Debug|Any CPU
		{4785AB75-66F3-4391-985D-63A5A049A0FA}.Debug|Any CPU.Build.0 = Debug|Any CPU
		{4785AB75-66F3-4391-985D-63A5A049A0FA}.Debug|Mixed Platforms.ActiveCfg = Debug|Any CPU
		{4785AB75-66F3-4391-985D-63A5A049A0FA}.Debug|Mixed Platforms.Build.0 = Debug|Any CPU
		{4785AB75-66F3-4391-985D-63A5A049A0FA}.Debug|x64.ActiveCfg = Debug|Any CPU
		{4785AB75-66F3-4391-985D-63A5A049A0FA}.Debug|x64.Build.0 = Debug|Any CPU
		{4785AB75-66F3-4391-985D-63A5A049A0FA}.Debug|x86.ActiveCfg = Debug|Any CPU
		{4785AB75-66F3-4391-985D-63A5A049A0FA}.Debug|x86.Build.0 = Debug|Any CPU
		{4785AB75-66F3-4391-985D-63A5A049A0FA}.Release|Any CPU.ActiveCfg = Release|Any CPU
		{4785AB75-66F3-4391-985D-63A5A049A0FA}.Release|Any CPU.Build.0 = Release|Any CPU
		{4785AB75-66F3-4391-985D-63A5A049A0FA}.Release|Mixed Platforms.ActiveCfg = Release|Any CPU
		{4785AB75-66F3-4391-985D-63A5A049A0FA}.Release|Mixed Platforms.Build.0 = Release|Any CPU
		{4785AB75-66F3-4391-985D-63A5A049A0FA}.Release|x64.ActiveCfg = Release|Any CPU
		{4785AB75-66F3-4391-985D-63A5A049A0FA}.Release|x64.Build.0 = Release|Any CPU
		{4785AB75-66F3-4391-985D-63A5A049A0FA}.Release|x86.ActiveCfg = Release|Any CPU
		{4785AB75-66F3-4391-985D-63A5A049A0FA}.Release|x86.Build.0 = Release|Any CPU
		{D51EECEB-438A-47DA-870F-7D7B41BC24D6}.Debug|Any CPU.ActiveCfg = Debug|Any CPU
		{D51EECEB-438A-47DA-870F-7D7B41BC24D6}.Debug|Any CPU.Build.0 = Debug|Any CPU
		{D51EECEB-438A-47DA-870F-7D7B41BC24D6}.Debug|Mixed Platforms.ActiveCfg = Debug|Any CPU
		{D51EECEB-438A-47DA-870F-7D7B41BC24D6}.Debug|Mixed Platforms.Build.0 = Debug|Any CPU
		{D51EECEB-438A-47DA-870F-7D7B41BC24D6}.Debug|x64.ActiveCfg = Debug|Any CPU
		{D51EECEB-438A-47DA-870F-7D7B41BC24D6}.Debug|x64.Build.0 = Debug|Any CPU
		{D51EECEB-438A-47DA-870F-7D7B41BC24D6}.Debug|x86.ActiveCfg = Debug|Any CPU
		{D51EECEB-438A-47DA-870F-7D7B41BC24D6}.Debug|x86.Build.0 = Debug|Any CPU
		{D51EECEB-438A-47DA-870F-7D7B41BC24D6}.Release|Any CPU.ActiveCfg = Release|Any CPU
		{D51EECEB-438A-47DA-870F-7D7B41BC24D6}.Release|Any CPU.Build.0 = Release|Any CPU
		{D51EECEB-438A-47DA-870F-7D7B41BC24D6}.Release|Mixed Platforms.ActiveCfg = Release|Any CPU
		{D51EECEB-438A-47DA-870F-7D7B41BC24D6}.Release|Mixed Platforms.Build.0 = Release|Any CPU
		{D51EECEB-438A-47DA-870F-7D7B41BC24D6}.Release|x64.ActiveCfg = Release|Any CPU
		{D51EECEB-438A-47DA-870F-7D7B41BC24D6}.Release|x64.Build.0 = Release|Any CPU
		{D51EECEB-438A-47DA-870F-7D7B41BC24D6}.Release|x86.ActiveCfg = Release|Any CPU
		{D51EECEB-438A-47DA-870F-7D7B41BC24D6}.Release|x86.Build.0 = Release|Any CPU
		{AF097E6B-48D5-4452-9CCF-0A81A21F341D}.Debug|Any CPU.ActiveCfg = Debug|Any CPU
		{AF097E6B-48D5-4452-9CCF-0A81A21F341D}.Debug|Any CPU.Build.0 = Debug|Any CPU
		{AF097E6B-48D5-4452-9CCF-0A81A21F341D}.Debug|Mixed Platforms.ActiveCfg = Debug|Any CPU
		{AF097E6B-48D5-4452-9CCF-0A81A21F341D}.Debug|Mixed Platforms.Build.0 = Debug|Any CPU
		{AF097E6B-48D5-4452-9CCF-0A81A21F341D}.Debug|x64.ActiveCfg = Debug|Any CPU
		{AF097E6B-48D5-4452-9CCF-0A81A21F341D}.Debug|x64.Build.0 = Debug|Any CPU
		{AF097E6B-48D5-4452-9CCF-0A81A21F341D}.Debug|x86.ActiveCfg = Debug|Any CPU
		{AF097E6B-48D5-4452-9CCF-0A81A21F341D}.Debug|x86.Build.0 = Debug|Any CPU
		{AF097E6B-48D5-4452-9CCF-0A81A21F341D}.Release|Any CPU.ActiveCfg = Release|Any CPU
		{AF097E6B-48D5-4452-9CCF-0A81A21F341D}.Release|Any CPU.Build.0 = Release|Any CPU
		{AF097E6B-48D5-4452-9CCF-0A81A21F341D}.Release|Mixed Platforms.ActiveCfg = Release|Any CPU
		{AF097E6B-48D5-4452-9CCF-0A81A21F341D}.Release|Mixed Platforms.Build.0 = Release|Any CPU
		{AF097E6B-48D5-4452-9CCF-0A81A21F341D}.Release|x64.ActiveCfg = Release|Any CPU
		{AF097E6B-48D5-4452-9CCF-0A81A21F341D}.Release|x64.Build.0 = Release|Any CPU
		{AF097E6B-48D5-4452-9CCF-0A81A21F341D}.Release|x86.ActiveCfg = Release|Any CPU
		{AF097E6B-48D5-4452-9CCF-0A81A21F341D}.Release|x86.Build.0 = Release|Any CPU
		{2321A25F-7871-47C3-8440-02551918D6A1}.Debug|Any CPU.ActiveCfg = Debug|Any CPU
		{2321A25F-7871-47C3-8440-02551918D6A1}.Debug|Any CPU.Build.0 = Debug|Any CPU
		{2321A25F-7871-47C3-8440-02551918D6A1}.Debug|Mixed Platforms.ActiveCfg = Debug|Any CPU
		{2321A25F-7871-47C3-8440-02551918D6A1}.Debug|Mixed Platforms.Build.0 = Debug|Any CPU
		{2321A25F-7871-47C3-8440-02551918D6A1}.Debug|x64.ActiveCfg = Debug|Any CPU
		{2321A25F-7871-47C3-8440-02551918D6A1}.Debug|x64.Build.0 = Debug|Any CPU
		{2321A25F-7871-47C3-8440-02551918D6A1}.Debug|x86.ActiveCfg = Debug|Any CPU
		{2321A25F-7871-47C3-8440-02551918D6A1}.Debug|x86.Build.0 = Debug|Any CPU
		{2321A25F-7871-47C3-8440-02551918D6A1}.Release|Any CPU.ActiveCfg = Release|Any CPU
		{2321A25F-7871-47C3-8440-02551918D6A1}.Release|Any CPU.Build.0 = Release|Any CPU
		{2321A25F-7871-47C3-8440-02551918D6A1}.Release|Mixed Platforms.ActiveCfg = Release|Any CPU
		{2321A25F-7871-47C3-8440-02551918D6A1}.Release|Mixed Platforms.Build.0 = Release|Any CPU
		{2321A25F-7871-47C3-8440-02551918D6A1}.Release|x64.ActiveCfg = Release|Any CPU
		{2321A25F-7871-47C3-8440-02551918D6A1}.Release|x64.Build.0 = Release|Any CPU
		{2321A25F-7871-47C3-8440-02551918D6A1}.Release|x86.ActiveCfg = Release|Any CPU
		{2321A25F-7871-47C3-8440-02551918D6A1}.Release|x86.Build.0 = Release|Any CPU
		{428D8EB9-ECA3-4A66-AA59-3A944378C33F}.Debug|Any CPU.ActiveCfg = Debug|Any CPU
		{428D8EB9-ECA3-4A66-AA59-3A944378C33F}.Debug|Any CPU.Build.0 = Debug|Any CPU
		{428D8EB9-ECA3-4A66-AA59-3A944378C33F}.Debug|Mixed Platforms.ActiveCfg = Debug|Any CPU
		{428D8EB9-ECA3-4A66-AA59-3A944378C33F}.Debug|Mixed Platforms.Build.0 = Debug|Any CPU
		{428D8EB9-ECA3-4A66-AA59-3A944378C33F}.Debug|x64.ActiveCfg = Debug|Any CPU
		{428D8EB9-ECA3-4A66-AA59-3A944378C33F}.Debug|x64.Build.0 = Debug|Any CPU
		{428D8EB9-ECA3-4A66-AA59-3A944378C33F}.Debug|x86.ActiveCfg = Debug|Any CPU
		{428D8EB9-ECA3-4A66-AA59-3A944378C33F}.Debug|x86.Build.0 = Debug|Any CPU
		{428D8EB9-ECA3-4A66-AA59-3A944378C33F}.Release|Any CPU.ActiveCfg = Release|Any CPU
		{428D8EB9-ECA3-4A66-AA59-3A944378C33F}.Release|Any CPU.Build.0 = Release|Any CPU
		{428D8EB9-ECA3-4A66-AA59-3A944378C33F}.Release|Mixed Platforms.ActiveCfg = Release|Any CPU
		{428D8EB9-ECA3-4A66-AA59-3A944378C33F}.Release|Mixed Platforms.Build.0 = Release|Any CPU
		{428D8EB9-ECA3-4A66-AA59-3A944378C33F}.Release|x64.ActiveCfg = Release|Any CPU
		{428D8EB9-ECA3-4A66-AA59-3A944378C33F}.Release|x64.Build.0 = Release|Any CPU
		{428D8EB9-ECA3-4A66-AA59-3A944378C33F}.Release|x86.ActiveCfg = Release|Any CPU
		{428D8EB9-ECA3-4A66-AA59-3A944378C33F}.Release|x86.Build.0 = Release|Any CPU
		{E46C85BD-A99C-484E-BCCE-0F1831C5925E}.Debug|Any CPU.ActiveCfg = Debug|Any CPU
		{E46C85BD-A99C-484E-BCCE-0F1831C5925E}.Debug|Any CPU.Build.0 = Debug|Any CPU
		{E46C85BD-A99C-484E-BCCE-0F1831C5925E}.Debug|Mixed Platforms.ActiveCfg = Debug|Any CPU
		{E46C85BD-A99C-484E-BCCE-0F1831C5925E}.Debug|Mixed Platforms.Build.0 = Debug|Any CPU
		{E46C85BD-A99C-484E-BCCE-0F1831C5925E}.Debug|x64.ActiveCfg = Debug|Any CPU
		{E46C85BD-A99C-484E-BCCE-0F1831C5925E}.Debug|x86.ActiveCfg = Debug|Any CPU
		{E46C85BD-A99C-484E-BCCE-0F1831C5925E}.Release|Any CPU.ActiveCfg = Release|Any CPU
		{E46C85BD-A99C-484E-BCCE-0F1831C5925E}.Release|Any CPU.Build.0 = Release|Any CPU
		{E46C85BD-A99C-484E-BCCE-0F1831C5925E}.Release|Mixed Platforms.ActiveCfg = Release|Any CPU
		{E46C85BD-A99C-484E-BCCE-0F1831C5925E}.Release|Mixed Platforms.Build.0 = Release|Any CPU
		{E46C85BD-A99C-484E-BCCE-0F1831C5925E}.Release|x64.ActiveCfg = Release|Any CPU
		{E46C85BD-A99C-484E-BCCE-0F1831C5925E}.Release|x86.ActiveCfg = Release|Any CPU
		{C9E821BF-23AD-4CB5-B7F9-B3B99B606650}.Debug|Any CPU.ActiveCfg = Debug|Any CPU
		{C9E821BF-23AD-4CB5-B7F9-B3B99B606650}.Debug|Any CPU.Build.0 = Debug|Any CPU
		{C9E821BF-23AD-4CB5-B7F9-B3B99B606650}.Debug|Mixed Platforms.ActiveCfg = Debug|Any CPU
		{C9E821BF-23AD-4CB5-B7F9-B3B99B606650}.Debug|Mixed Platforms.Build.0 = Debug|Any CPU
		{C9E821BF-23AD-4CB5-B7F9-B3B99B606650}.Debug|x64.ActiveCfg = Debug|Any CPU
		{C9E821BF-23AD-4CB5-B7F9-B3B99B606650}.Debug|x64.Build.0 = Debug|Any CPU
		{C9E821BF-23AD-4CB5-B7F9-B3B99B606650}.Debug|x86.ActiveCfg = Debug|Any CPU
		{C9E821BF-23AD-4CB5-B7F9-B3B99B606650}.Debug|x86.Build.0 = Debug|Any CPU
		{C9E821BF-23AD-4CB5-B7F9-B3B99B606650}.Release|Any CPU.ActiveCfg = Release|Any CPU
		{C9E821BF-23AD-4CB5-B7F9-B3B99B606650}.Release|Any CPU.Build.0 = Release|Any CPU
		{C9E821BF-23AD-4CB5-B7F9-B3B99B606650}.Release|Mixed Platforms.ActiveCfg = Release|Any CPU
		{C9E821BF-23AD-4CB5-B7F9-B3B99B606650}.Release|Mixed Platforms.Build.0 = Release|Any CPU
		{C9E821BF-23AD-4CB5-B7F9-B3B99B606650}.Release|x64.ActiveCfg = Release|Any CPU
		{C9E821BF-23AD-4CB5-B7F9-B3B99B606650}.Release|x64.Build.0 = Release|Any CPU
		{C9E821BF-23AD-4CB5-B7F9-B3B99B606650}.Release|x86.ActiveCfg = Release|Any CPU
		{C9E821BF-23AD-4CB5-B7F9-B3B99B606650}.Release|x86.Build.0 = Release|Any CPU
	EndGlobalSection
	GlobalSection(SolutionProperties) = preSolution
		HideSolutionNode = FALSE
	EndGlobalSection
	GlobalSection(NestedProjects) = preSolution
		{4785AB75-66F3-4391-985D-63A5A049A0FA} = {26E8B310-269E-46D4-A612-24601F16065F}
		{AF097E6B-48D5-4452-9CCF-0A81A21F341D} = {26E8B310-269E-46D4-A612-24601F16065F}
		{2321A25F-7871-47C3-8440-02551918D6A1} = {26E8B310-269E-46D4-A612-24601F16065F}
		{428D8EB9-ECA3-4A66-AA59-3A944378C33F} = {26E8B310-269E-46D4-A612-24601F16065F}
		{E46C85BD-A99C-484E-BCCE-0F1831C5925E} = {26E8B310-269E-46D4-A612-24601F16065F}
		{C9E821BF-23AD-4CB5-B7F9-B3B99B606650} = {26E8B310-269E-46D4-A612-24601F16065F}
	EndGlobalSection
EndGlobal
