Microsoft Visual Studio Solution File, Format Version 12.00
# Visual Studio Version 16
VisualStudioVersion = 16.0.29009.5
MinimumVisualStudioVersion = 10.0.40219.1
Project("{2150E333-8FDC-42A3-9474-1A3956D46DE8}") = "Plugins", "Plugins", "{26E8B310-269E-46D4-A612-24601F16065F}"
EndProject
Project("{2150E333-8FDC-42A3-9474-1A3956D46DE8}") = "Solution Items", "Solution Items", "{8C8F3945-0AEF-4949-A1F7-B18E952E50BC}"
	ProjectSection(SolutionItems) = preProject
		DeploymentFiles\deployment-pipeline.yml = DeploymentFiles\deployment-pipeline.yml
		DeploymentFiles\PostPublish.ps1 = DeploymentFiles\PostPublish.ps1
		README.md = README.md
		version.txt = version.txt
		DeploymentFiles\UpdateIW4MAdmin.ps1 = DeploymentFiles\UpdateIW4MAdmin.ps1
		DeploymentFiles\UpdateIW4MAdmin.sh = DeploymentFiles\UpdateIW4MAdmin.sh
	EndProjectSection
EndProject
Project("{9A19103F-16F7-4668-BE54-9A1E7A4F7556}") = "SharedLibraryCore", "SharedLibraryCore\SharedLibraryCore.csproj", "{AA0541A2-8D51-4AD9-B0AC-3D1F5B162481}"
EndProject
Project("{9A19103F-16F7-4668-BE54-9A1E7A4F7556}") = "WebfrontCore", "WebfrontCore\WebfrontCore.csproj", "{D59AC1F1-2FB9-4BE7-813E-0CCCC4FE9067}"
EndProject
Project("{9A19103F-16F7-4668-BE54-9A1E7A4F7556}") = "Application", "Application\Application.csproj", "{B4626E78-BB22-43F8-A6AD-890B0853D61F}"
EndProject
Project("{9A19103F-16F7-4668-BE54-9A1E7A4F7556}") = "Stats", "Plugins\Stats\Stats.csproj", "{98BE4A81-8AFD-4957-83F7-009D353C6BCB}"
EndProject
Project("{9A19103F-16F7-4668-BE54-9A1E7A4F7556}") = "Welcome", "Plugins\Welcome\Welcome.csproj", "{179140D3-97AA-4CB4-8BF6-A0C73CA75701}"
EndProject
Project("{9A19103F-16F7-4668-BE54-9A1E7A4F7556}") = "ProfanityDeterment", "Plugins\ProfanityDeterment\ProfanityDeterment.csproj", "{958FF7EC-0226-4E85-A85B-B84EC768197D}"
EndProject
Project("{9A19103F-16F7-4668-BE54-9A1E7A4F7556}") = "Login", "Plugins\Login\Login.csproj", "{D9F2ED28-6FA5-40CA-9912-E7A849147AB1}"
EndProject
Project("{2150E333-8FDC-42A3-9474-1A3956D46DE8}") = "ScriptPlugins", "ScriptPlugins", "{3F9ACC27-26DB-49FA-BCD2-50C54A49C9FA}"
	ProjectSection(SolutionItems) = preProject
		Plugins\ScriptPlugins\ActionOnReport.js = Plugins\ScriptPlugins\ActionOnReport.js
		Plugins\ScriptPlugins\ParserCoD4x.js = Plugins\ScriptPlugins\ParserCoD4x.js
		Plugins\ScriptPlugins\ParserIW4x.js = Plugins\ScriptPlugins\ParserIW4x.js
		Plugins\ScriptPlugins\ParserIW6x.js = Plugins\ScriptPlugins\ParserIW6x.js
		Plugins\ScriptPlugins\ParserPIW5.js = Plugins\ScriptPlugins\ParserPIW5.js
		Plugins\ScriptPlugins\ParserPT6.js = Plugins\ScriptPlugins\ParserPT6.js
		Plugins\ScriptPlugins\ParserRektT5M.js = Plugins\ScriptPlugins\ParserRektT5M.js
		Plugins\ScriptPlugins\ParserT4.js = Plugins\ScriptPlugins\ParserT4.js
		Plugins\ScriptPlugins\ParserT7.js = Plugins\ScriptPlugins\ParserT7.js
		Plugins\ScriptPlugins\ParserTeknoMW3.js = Plugins\ScriptPlugins\ParserTeknoMW3.js
		Plugins\ScriptPlugins\VPNDetection.js = Plugins\ScriptPlugins\VPNDetection.js
		Plugins\ScriptPlugins\ParserPlutoniumT4.js = Plugins\ScriptPlugins\ParserPlutoniumT4.js
		Plugins\ScriptPlugins\ParserS1x.js = Plugins\ScriptPlugins\ParserS1x.js
		Plugins\ScriptPlugins\ParserCSGO.js = Plugins\ScriptPlugins\ParserCSGO.js
		Plugins\ScriptPlugins\ParserCSGOSM.js = Plugins\ScriptPlugins\ParserCSGOSM.js
		Plugins\ScriptPlugins\ParserPlutoniumT4COZM.js = Plugins\ScriptPlugins\ParserPlutoniumT4COZM.js
		Plugins\ScriptPlugins\GameInterface.js = Plugins\ScriptPlugins\GameInterface.js
		Plugins\ScriptPlugins\SubnetBan.js = Plugins\ScriptPlugins\SubnetBan.js
		Plugins\ScriptPlugins\BanBroadcasting.js = Plugins\ScriptPlugins\BanBroadcasting.js
		Plugins\ScriptPlugins\ParserH1MOD.js = Plugins\ScriptPlugins\ParserH1MOD.js
		Plugins\ScriptPlugins\ParserPlutoniumT5.js = Plugins\ScriptPlugins\ParserPlutoniumT5.js
		Plugins\ScriptPlugins\ServerBanner.js = Plugins\ScriptPlugins\ServerBanner.js
		Plugins\ScriptPlugins\ParserBOIII.js = Plugins\ScriptPlugins\ParserBOIII.js
	EndProjectSection
EndProject
Project("{9A19103F-16F7-4668-BE54-9A1E7A4F7556}") = "AutomessageFeed", "Plugins\AutomessageFeed\AutomessageFeed.csproj", "{F5815359-CFC7-44B4-9A3B-C04BACAD5836}"
EndProject
Project("{9A19103F-16F7-4668-BE54-9A1E7A4F7556}") = "LiveRadar", "Plugins\LiveRadar\LiveRadar.csproj", "{00A1FED2-2254-4AF7-A5DB-2357FA7C88CD}"
EndProject
Project("{2150E333-8FDC-42A3-9474-1A3956D46DE8}") = "Tests", "Tests", "{3065279E-17F0-4CE0-AF5B-014E04263D77}"
EndProject
Project("{FAE04EC0-301F-11D3-BF4B-00C04F79EFBC}") = "Data", "Data\Data.csproj", "{81689023-E55E-48ED-B7A8-53F4E21BBF2D}"
EndProject
Project("{2150E333-8FDC-42A3-9474-1A3956D46DE8}") = "Integrations", "Integrations", "{A2AE33B4-0830-426A-9E11-951DAB12BE5B}"
EndProject
Project("{FAE04EC0-301F-11D3-BF4B-00C04F79EFBC}") = "Integrations.Cod", "Integrations\Cod\Integrations.Cod.csproj", "{A9348433-58C1-4B9C-8BB7-088B02529D9D}"
EndProject
Project("{FAE04EC0-301F-11D3-BF4B-00C04F79EFBC}") = "Integrations.Source", "Integrations\Source\Integrations.Source.csproj", "{9512295B-3045-40E0-9B7E-2409F2173E9D}"
EndProject
Project("{FAE04EC0-301F-11D3-BF4B-00C04F79EFBC}") = "Mute", "Plugins\Mute\Mute.csproj", "{259824F3-D860-4233-91D6-FF73D4DD8B18}"
EndProject
Project("{2150E333-8FDC-42A3-9474-1A3956D46DE8}") = "GameFiles", "GameFiles", "{6CBF412C-EFEE-45F7-80FD-AC402C22CDB9}"
	ProjectSection(SolutionItems) = preProject
		GameFiles\deploy.bat = GameFiles\deploy.bat
	EndProjectSection
EndProject
Project("{2150E333-8FDC-42A3-9474-1A3956D46DE8}") = "GameInterface", "GameInterface", "{5C2BE2A8-EA1D-424F-88E1-7FC33EEC2E55}"
	ProjectSection(SolutionItems) = preProject
		GameFiles\GameInterface\_integration_base.gsc = GameFiles\GameInterface\_integration_base.gsc
		GameFiles\GameInterface\_integration_iw4x.gsc = GameFiles\GameInterface\_integration_iw4x.gsc
		GameFiles\GameInterface\_integration_iw5.gsc = GameFiles\GameInterface\_integration_iw5.gsc
		GameFiles\GameInterface\_integration_shared.gsc = GameFiles\GameInterface\_integration_shared.gsc
		GameFiles\GameInterface\_integration_t5.gsc = GameFiles\GameInterface\_integration_t5.gsc
		GameFiles\GameInterface\_integration_t5zm.gsc = GameFiles\GameInterface\_integration_t5zm.gsc
		GameFiles\GameInterface\_integration_t6.gsc = GameFiles\GameInterface\_integration_t6.gsc
		GameFiles\GameInterface\_integration_t6zm_helper.gsc = GameFiles\GameInterface\_integration_t6zm_helper.gsc
	EndProjectSection
EndProject
Project("{2150E333-8FDC-42A3-9474-1A3956D46DE8}") = "AntiCheat", "AntiCheat", "{AB83BAC0-C539-424A-BF00-78487C10753C}"
EndProject
Project("{2150E333-8FDC-42A3-9474-1A3956D46DE8}") = "IW4x", "IW4x", "{3EA564BD-3AC6-479B-96B6-CB059DCD0C77}"
	ProjectSection(SolutionItems) = preProject
		GameFiles\AntiCheat\IW4x\userraw\scripts\_customcallbacks.gsc = GameFiles\AntiCheat\IW4x\userraw\scripts\_customcallbacks.gsc
	EndProjectSection
EndProject
Project("{2150E333-8FDC-42A3-9474-1A3956D46DE8}") = "Pluto T6", "Pluto T6", "{866F453D-BC89-457F-8B55-485494759B31}"
	ProjectSection(SolutionItems) = preProject
		GameFiles\AntiCheat\PT6\storage\t6\scripts\mp\_customcallbacks.gsc = GameFiles\AntiCheat\PT6\storage\t6\scripts\mp\_customcallbacks.gsc
		GameFiles\AntiCheat\PT6\storage\t6\scripts\mp\_customcallbacks.gsc.src = GameFiles\AntiCheat\PT6\storage\t6\scripts\mp\_customcallbacks.gsc.src
		GameFiles\AntiCheat\PT6\README.MD = GameFiles\AntiCheat\PT6\README.MD
	EndProjectSection
EndProject
Project("{2150E333-8FDC-42A3-9474-1A3956D46DE8}") = "Pluto IW5", "Pluto IW5", "{603725A4-BC0B-423B-955B-762C89E1C4C2}"
	ProjectSection(SolutionItems) = preProject
		GameFiles\AntiCheat\IW5\storage\iw5\scripts\_customcallbacks.gsc = GameFiles\AntiCheat\IW5\storage\iw5\scripts\_customcallbacks.gsc
		GameFiles\AntiCheat\IW5\README.MD = GameFiles\AntiCheat\IW5\README.MD
	EndProjectSection
EndProject
Global
	GlobalSection(SolutionConfigurationPlatforms) = preSolution
		Debug|Any CPU = Debug|Any CPU
		Debug|Mixed Platforms = Debug|Mixed Platforms
		Debug|x64 = Debug|x64
		Debug|x86 = Debug|x86
		Prerelease|Any CPU = Prerelease|Any CPU
		Prerelease|Mixed Platforms = Prerelease|Mixed Platforms
		Prerelease|x64 = Prerelease|x64
		Prerelease|x86 = Prerelease|x86
		Release|Any CPU = Release|Any CPU
		Release|Mixed Platforms = Release|Mixed Platforms
		Release|x64 = Release|x64
		Release|x86 = Release|x86
	EndGlobalSection
	GlobalSection(ProjectConfigurationPlatforms) = postSolution
		{AA0541A2-8D51-4AD9-B0AC-3D1F5B162481}.Debug|Any CPU.ActiveCfg = Debug|Any CPU
		{AA0541A2-8D51-4AD9-B0AC-3D1F5B162481}.Debug|Any CPU.Build.0 = Debug|Any CPU
		{AA0541A2-8D51-4AD9-B0AC-3D1F5B162481}.Debug|Mixed Platforms.ActiveCfg = Debug|Any CPU
		{AA0541A2-8D51-4AD9-B0AC-3D1F5B162481}.Debug|Mixed Platforms.Build.0 = Debug|Any CPU
		{AA0541A2-8D51-4AD9-B0AC-3D1F5B162481}.Debug|x64.ActiveCfg = Debug|Any CPU
		{AA0541A2-8D51-4AD9-B0AC-3D1F5B162481}.Debug|x64.Build.0 = Debug|Any CPU
		{AA0541A2-8D51-4AD9-B0AC-3D1F5B162481}.Debug|x86.ActiveCfg = Debug|Any CPU
		{AA0541A2-8D51-4AD9-B0AC-3D1F5B162481}.Debug|x86.Build.0 = Debug|Any CPU
		{AA0541A2-8D51-4AD9-B0AC-3D1F5B162481}.Prerelease|Any CPU.ActiveCfg = Prerelease|Any CPU
		{AA0541A2-8D51-4AD9-B0AC-3D1F5B162481}.Prerelease|Any CPU.Build.0 = Prerelease|Any CPU
		{AA0541A2-8D51-4AD9-B0AC-3D1F5B162481}.Prerelease|Mixed Platforms.ActiveCfg = Prerelease|Any CPU
		{AA0541A2-8D51-4AD9-B0AC-3D1F5B162481}.Prerelease|Mixed Platforms.Build.0 = Prerelease|Any CPU
		{AA0541A2-8D51-4AD9-B0AC-3D1F5B162481}.Prerelease|x64.ActiveCfg = Prerelease|Any CPU
		{AA0541A2-8D51-4AD9-B0AC-3D1F5B162481}.Prerelease|x64.Build.0 = Prerelease|Any CPU
		{AA0541A2-8D51-4AD9-B0AC-3D1F5B162481}.Prerelease|x86.ActiveCfg = Prerelease|Any CPU
		{AA0541A2-8D51-4AD9-B0AC-3D1F5B162481}.Prerelease|x86.Build.0 = Prerelease|Any CPU
		{AA0541A2-8D51-4AD9-B0AC-3D1F5B162481}.Release|Any CPU.ActiveCfg = Release|Any CPU
		{AA0541A2-8D51-4AD9-B0AC-3D1F5B162481}.Release|Any CPU.Build.0 = Release|Any CPU
		{AA0541A2-8D51-4AD9-B0AC-3D1F5B162481}.Release|Mixed Platforms.ActiveCfg = Release|Any CPU
		{AA0541A2-8D51-4AD9-B0AC-3D1F5B162481}.Release|Mixed Platforms.Build.0 = Release|Any CPU
		{AA0541A2-8D51-4AD9-B0AC-3D1F5B162481}.Release|x64.ActiveCfg = Release|Any CPU
		{AA0541A2-8D51-4AD9-B0AC-3D1F5B162481}.Release|x64.Build.0 = Release|Any CPU
		{AA0541A2-8D51-4AD9-B0AC-3D1F5B162481}.Release|x86.ActiveCfg = Release|Any CPU
		{AA0541A2-8D51-4AD9-B0AC-3D1F5B162481}.Release|x86.Build.0 = Release|Any CPU
		{D59AC1F1-2FB9-4BE7-813E-0CCCC4FE9067}.Debug|Any CPU.ActiveCfg = Debug|Any CPU
		{D59AC1F1-2FB9-4BE7-813E-0CCCC4FE9067}.Debug|Any CPU.Build.0 = Debug|Any CPU
		{D59AC1F1-2FB9-4BE7-813E-0CCCC4FE9067}.Debug|Mixed Platforms.ActiveCfg = Debug|Any CPU
		{D59AC1F1-2FB9-4BE7-813E-0CCCC4FE9067}.Debug|Mixed Platforms.Build.0 = Debug|Any CPU
		{D59AC1F1-2FB9-4BE7-813E-0CCCC4FE9067}.Debug|x64.ActiveCfg = Debug|Any CPU
		{D59AC1F1-2FB9-4BE7-813E-0CCCC4FE9067}.Debug|x64.Build.0 = Debug|Any CPU
		{D59AC1F1-2FB9-4BE7-813E-0CCCC4FE9067}.Debug|x86.ActiveCfg = Debug|Any CPU
		{D59AC1F1-2FB9-4BE7-813E-0CCCC4FE9067}.Debug|x86.Build.0 = Debug|Any CPU
		{D59AC1F1-2FB9-4BE7-813E-0CCCC4FE9067}.Prerelease|Any CPU.ActiveCfg = Prerelease|Any CPU
		{D59AC1F1-2FB9-4BE7-813E-0CCCC4FE9067}.Prerelease|Any CPU.Build.0 = Prerelease|Any CPU
		{D59AC1F1-2FB9-4BE7-813E-0CCCC4FE9067}.Prerelease|Mixed Platforms.ActiveCfg = Prerelease|Any CPU
		{D59AC1F1-2FB9-4BE7-813E-0CCCC4FE9067}.Prerelease|Mixed Platforms.Build.0 = Prerelease|Any CPU
		{D59AC1F1-2FB9-4BE7-813E-0CCCC4FE9067}.Prerelease|x64.ActiveCfg = Prerelease|Any CPU
		{D59AC1F1-2FB9-4BE7-813E-0CCCC4FE9067}.Prerelease|x64.Build.0 = Prerelease|Any CPU
		{D59AC1F1-2FB9-4BE7-813E-0CCCC4FE9067}.Prerelease|x86.ActiveCfg = Prerelease|Any CPU
		{D59AC1F1-2FB9-4BE7-813E-0CCCC4FE9067}.Prerelease|x86.Build.0 = Prerelease|Any CPU
		{D59AC1F1-2FB9-4BE7-813E-0CCCC4FE9067}.Release|Any CPU.ActiveCfg = Release|Any CPU
		{D59AC1F1-2FB9-4BE7-813E-0CCCC4FE9067}.Release|Any CPU.Build.0 = Release|Any CPU
		{D59AC1F1-2FB9-4BE7-813E-0CCCC4FE9067}.Release|Mixed Platforms.ActiveCfg = Release|Any CPU
		{D59AC1F1-2FB9-4BE7-813E-0CCCC4FE9067}.Release|Mixed Platforms.Build.0 = Release|Any CPU
		{D59AC1F1-2FB9-4BE7-813E-0CCCC4FE9067}.Release|x64.ActiveCfg = Release|Any CPU
		{D59AC1F1-2FB9-4BE7-813E-0CCCC4FE9067}.Release|x64.Build.0 = Release|Any CPU
		{D59AC1F1-2FB9-4BE7-813E-0CCCC4FE9067}.Release|x86.ActiveCfg = Release|Any CPU
		{D59AC1F1-2FB9-4BE7-813E-0CCCC4FE9067}.Release|x86.Build.0 = Release|Any CPU
		{B4626E78-BB22-43F8-A6AD-890B0853D61F}.Debug|Any CPU.ActiveCfg = Debug|Any CPU
		{B4626E78-BB22-43F8-A6AD-890B0853D61F}.Debug|Any CPU.Build.0 = Debug|Any CPU
		{B4626E78-BB22-43F8-A6AD-890B0853D61F}.Debug|Mixed Platforms.ActiveCfg = Debug|Any CPU
		{B4626E78-BB22-43F8-A6AD-890B0853D61F}.Debug|Mixed Platforms.Build.0 = Debug|Any CPU
		{B4626E78-BB22-43F8-A6AD-890B0853D61F}.Debug|x64.ActiveCfg = Debug|Any CPU
		{B4626E78-BB22-43F8-A6AD-890B0853D61F}.Debug|x64.Build.0 = Debug|Any CPU
		{B4626E78-BB22-43F8-A6AD-890B0853D61F}.Debug|x86.ActiveCfg = Debug|Any CPU
		{B4626E78-BB22-43F8-A6AD-890B0853D61F}.Debug|x86.Build.0 = Debug|Any CPU
		{B4626E78-BB22-43F8-A6AD-890B0853D61F}.Prerelease|Any CPU.ActiveCfg = Prerelease|Any CPU
		{B4626E78-BB22-43F8-A6AD-890B0853D61F}.Prerelease|Any CPU.Build.0 = Prerelease|Any CPU
		{B4626E78-BB22-43F8-A6AD-890B0853D61F}.Prerelease|Mixed Platforms.ActiveCfg = Prerelease|Any CPU
		{B4626E78-BB22-43F8-A6AD-890B0853D61F}.Prerelease|Mixed Platforms.Build.0 = Prerelease|Any CPU
		{B4626E78-BB22-43F8-A6AD-890B0853D61F}.Prerelease|x64.ActiveCfg = Prerelease|Any CPU
		{B4626E78-BB22-43F8-A6AD-890B0853D61F}.Prerelease|x64.Build.0 = Prerelease|Any CPU
		{B4626E78-BB22-43F8-A6AD-890B0853D61F}.Prerelease|x86.ActiveCfg = Prerelease|Any CPU
		{B4626E78-BB22-43F8-A6AD-890B0853D61F}.Prerelease|x86.Build.0 = Prerelease|Any CPU
		{B4626E78-BB22-43F8-A6AD-890B0853D61F}.Release|Any CPU.ActiveCfg = Release|Any CPU
		{B4626E78-BB22-43F8-A6AD-890B0853D61F}.Release|Any CPU.Build.0 = Release|Any CPU
		{B4626E78-BB22-43F8-A6AD-890B0853D61F}.Release|Mixed Platforms.ActiveCfg = Release|Any CPU
		{B4626E78-BB22-43F8-A6AD-890B0853D61F}.Release|Mixed Platforms.Build.0 = Release|Any CPU
		{B4626E78-BB22-43F8-A6AD-890B0853D61F}.Release|x64.ActiveCfg = Release|Any CPU
		{B4626E78-BB22-43F8-A6AD-890B0853D61F}.Release|x64.Build.0 = Release|Any CPU
		{B4626E78-BB22-43F8-A6AD-890B0853D61F}.Release|x86.ActiveCfg = Release|Any CPU
		{B4626E78-BB22-43F8-A6AD-890B0853D61F}.Release|x86.Build.0 = Release|Any CPU
		{98BE4A81-8AFD-4957-83F7-009D353C6BCB}.Debug|Any CPU.ActiveCfg = Debug|Any CPU
		{98BE4A81-8AFD-4957-83F7-009D353C6BCB}.Debug|Any CPU.Build.0 = Debug|Any CPU
		{98BE4A81-8AFD-4957-83F7-009D353C6BCB}.Debug|Mixed Platforms.ActiveCfg = Debug|Any CPU
		{98BE4A81-8AFD-4957-83F7-009D353C6BCB}.Debug|Mixed Platforms.Build.0 = Debug|Any CPU
		{98BE4A81-8AFD-4957-83F7-009D353C6BCB}.Debug|x64.ActiveCfg = Debug|Any CPU
		{98BE4A81-8AFD-4957-83F7-009D353C6BCB}.Debug|x64.Build.0 = Debug|Any CPU
		{98BE4A81-8AFD-4957-83F7-009D353C6BCB}.Debug|x86.ActiveCfg = Debug|Any CPU
		{98BE4A81-8AFD-4957-83F7-009D353C6BCB}.Debug|x86.Build.0 = Debug|Any CPU
		{98BE4A81-8AFD-4957-83F7-009D353C6BCB}.Prerelease|Any CPU.ActiveCfg = Prerelease|Any CPU
		{98BE4A81-8AFD-4957-83F7-009D353C6BCB}.Prerelease|Any CPU.Build.0 = Prerelease|Any CPU
		{98BE4A81-8AFD-4957-83F7-009D353C6BCB}.Prerelease|Mixed Platforms.ActiveCfg = Prerelease|Any CPU
		{98BE4A81-8AFD-4957-83F7-009D353C6BCB}.Prerelease|Mixed Platforms.Build.0 = Prerelease|Any CPU
		{98BE4A81-8AFD-4957-83F7-009D353C6BCB}.Prerelease|x64.ActiveCfg = Prerelease|Any CPU
		{98BE4A81-8AFD-4957-83F7-009D353C6BCB}.Prerelease|x64.Build.0 = Prerelease|Any CPU
		{98BE4A81-8AFD-4957-83F7-009D353C6BCB}.Prerelease|x86.ActiveCfg = Prerelease|Any CPU
		{98BE4A81-8AFD-4957-83F7-009D353C6BCB}.Prerelease|x86.Build.0 = Prerelease|Any CPU
		{98BE4A81-8AFD-4957-83F7-009D353C6BCB}.Release|Any CPU.ActiveCfg = Release|Any CPU
		{98BE4A81-8AFD-4957-83F7-009D353C6BCB}.Release|Any CPU.Build.0 = Release|Any CPU
		{98BE4A81-8AFD-4957-83F7-009D353C6BCB}.Release|Mixed Platforms.ActiveCfg = Release|Any CPU
		{98BE4A81-8AFD-4957-83F7-009D353C6BCB}.Release|Mixed Platforms.Build.0 = Release|Any CPU
		{98BE4A81-8AFD-4957-83F7-009D353C6BCB}.Release|x64.ActiveCfg = Release|Any CPU
		{98BE4A81-8AFD-4957-83F7-009D353C6BCB}.Release|x64.Build.0 = Release|Any CPU
		{98BE4A81-8AFD-4957-83F7-009D353C6BCB}.Release|x86.ActiveCfg = Release|Any CPU
		{98BE4A81-8AFD-4957-83F7-009D353C6BCB}.Release|x86.Build.0 = Release|Any CPU
		{179140D3-97AA-4CB4-8BF6-A0C73CA75701}.Debug|Any CPU.ActiveCfg = Debug|Any CPU
		{179140D3-97AA-4CB4-8BF6-A0C73CA75701}.Debug|Any CPU.Build.0 = Debug|Any CPU
		{179140D3-97AA-4CB4-8BF6-A0C73CA75701}.Debug|Mixed Platforms.ActiveCfg = Debug|Any CPU
		{179140D3-97AA-4CB4-8BF6-A0C73CA75701}.Debug|Mixed Platforms.Build.0 = Debug|Any CPU
		{179140D3-97AA-4CB4-8BF6-A0C73CA75701}.Debug|x64.ActiveCfg = Debug|Any CPU
		{179140D3-97AA-4CB4-8BF6-A0C73CA75701}.Debug|x64.Build.0 = Debug|Any CPU
		{179140D3-97AA-4CB4-8BF6-A0C73CA75701}.Debug|x86.ActiveCfg = Debug|Any CPU
		{179140D3-97AA-4CB4-8BF6-A0C73CA75701}.Debug|x86.Build.0 = Debug|Any CPU
		{179140D3-97AA-4CB4-8BF6-A0C73CA75701}.Prerelease|Any CPU.ActiveCfg = Prerelease|Any CPU
		{179140D3-97AA-4CB4-8BF6-A0C73CA75701}.Prerelease|Any CPU.Build.0 = Prerelease|Any CPU
		{179140D3-97AA-4CB4-8BF6-A0C73CA75701}.Prerelease|Mixed Platforms.ActiveCfg = Prerelease|Any CPU
		{179140D3-97AA-4CB4-8BF6-A0C73CA75701}.Prerelease|Mixed Platforms.Build.0 = Prerelease|Any CPU
		{179140D3-97AA-4CB4-8BF6-A0C73CA75701}.Prerelease|x64.ActiveCfg = Prerelease|Any CPU
		{179140D3-97AA-4CB4-8BF6-A0C73CA75701}.Prerelease|x64.Build.0 = Prerelease|Any CPU
		{179140D3-97AA-4CB4-8BF6-A0C73CA75701}.Prerelease|x86.ActiveCfg = Prerelease|Any CPU
		{179140D3-97AA-4CB4-8BF6-A0C73CA75701}.Prerelease|x86.Build.0 = Prerelease|Any CPU
		{179140D3-97AA-4CB4-8BF6-A0C73CA75701}.Release|Any CPU.ActiveCfg = Release|Any CPU
		{179140D3-97AA-4CB4-8BF6-A0C73CA75701}.Release|Any CPU.Build.0 = Release|Any CPU
		{179140D3-97AA-4CB4-8BF6-A0C73CA75701}.Release|Mixed Platforms.ActiveCfg = Release|Any CPU
		{179140D3-97AA-4CB4-8BF6-A0C73CA75701}.Release|Mixed Platforms.Build.0 = Release|Any CPU
		{179140D3-97AA-4CB4-8BF6-A0C73CA75701}.Release|x64.ActiveCfg = Release|Any CPU
		{179140D3-97AA-4CB4-8BF6-A0C73CA75701}.Release|x64.Build.0 = Release|Any CPU
		{179140D3-97AA-4CB4-8BF6-A0C73CA75701}.Release|x86.ActiveCfg = Release|Any CPU
		{179140D3-97AA-4CB4-8BF6-A0C73CA75701}.Release|x86.Build.0 = Release|Any CPU
		{958FF7EC-0226-4E85-A85B-B84EC768197D}.Debug|Any CPU.ActiveCfg = Debug|Any CPU
		{958FF7EC-0226-4E85-A85B-B84EC768197D}.Debug|Any CPU.Build.0 = Debug|Any CPU
		{958FF7EC-0226-4E85-A85B-B84EC768197D}.Debug|Mixed Platforms.ActiveCfg = Debug|Any CPU
		{958FF7EC-0226-4E85-A85B-B84EC768197D}.Debug|Mixed Platforms.Build.0 = Debug|Any CPU
		{958FF7EC-0226-4E85-A85B-B84EC768197D}.Debug|x64.ActiveCfg = Debug|Any CPU
		{958FF7EC-0226-4E85-A85B-B84EC768197D}.Debug|x64.Build.0 = Debug|Any CPU
		{958FF7EC-0226-4E85-A85B-B84EC768197D}.Debug|x86.ActiveCfg = Debug|Any CPU
		{958FF7EC-0226-4E85-A85B-B84EC768197D}.Debug|x86.Build.0 = Debug|Any CPU
		{958FF7EC-0226-4E85-A85B-B84EC768197D}.Prerelease|Any CPU.ActiveCfg = Prerelease|Any CPU
		{958FF7EC-0226-4E85-A85B-B84EC768197D}.Prerelease|Any CPU.Build.0 = Prerelease|Any CPU
		{958FF7EC-0226-4E85-A85B-B84EC768197D}.Prerelease|Mixed Platforms.ActiveCfg = Prerelease|Any CPU
		{958FF7EC-0226-4E85-A85B-B84EC768197D}.Prerelease|Mixed Platforms.Build.0 = Prerelease|Any CPU
		{958FF7EC-0226-4E85-A85B-B84EC768197D}.Prerelease|x64.ActiveCfg = Prerelease|Any CPU
		{958FF7EC-0226-4E85-A85B-B84EC768197D}.Prerelease|x64.Build.0 = Prerelease|Any CPU
		{958FF7EC-0226-4E85-A85B-B84EC768197D}.Prerelease|x86.ActiveCfg = Prerelease|Any CPU
		{958FF7EC-0226-4E85-A85B-B84EC768197D}.Prerelease|x86.Build.0 = Prerelease|Any CPU
		{958FF7EC-0226-4E85-A85B-B84EC768197D}.Release|Any CPU.ActiveCfg = Release|Any CPU
		{958FF7EC-0226-4E85-A85B-B84EC768197D}.Release|Any CPU.Build.0 = Release|Any CPU
		{958FF7EC-0226-4E85-A85B-B84EC768197D}.Release|Mixed Platforms.ActiveCfg = Release|Any CPU
		{958FF7EC-0226-4E85-A85B-B84EC768197D}.Release|Mixed Platforms.Build.0 = Release|Any CPU
		{958FF7EC-0226-4E85-A85B-B84EC768197D}.Release|x64.ActiveCfg = Release|Any CPU
		{958FF7EC-0226-4E85-A85B-B84EC768197D}.Release|x64.Build.0 = Release|Any CPU
		{958FF7EC-0226-4E85-A85B-B84EC768197D}.Release|x86.ActiveCfg = Release|Any CPU
		{958FF7EC-0226-4E85-A85B-B84EC768197D}.Release|x86.Build.0 = Release|Any CPU
		{D9F2ED28-6FA5-40CA-9912-E7A849147AB1}.Debug|Any CPU.ActiveCfg = Debug|Any CPU
		{D9F2ED28-6FA5-40CA-9912-E7A849147AB1}.Debug|Any CPU.Build.0 = Debug|Any CPU
		{D9F2ED28-6FA5-40CA-9912-E7A849147AB1}.Debug|Mixed Platforms.ActiveCfg = Debug|Any CPU
		{D9F2ED28-6FA5-40CA-9912-E7A849147AB1}.Debug|Mixed Platforms.Build.0 = Debug|Any CPU
		{D9F2ED28-6FA5-40CA-9912-E7A849147AB1}.Debug|x64.ActiveCfg = Debug|Any CPU
		{D9F2ED28-6FA5-40CA-9912-E7A849147AB1}.Debug|x64.Build.0 = Debug|Any CPU
		{D9F2ED28-6FA5-40CA-9912-E7A849147AB1}.Debug|x86.ActiveCfg = Debug|Any CPU
		{D9F2ED28-6FA5-40CA-9912-E7A849147AB1}.Debug|x86.Build.0 = Debug|Any CPU
		{D9F2ED28-6FA5-40CA-9912-E7A849147AB1}.Prerelease|Any CPU.ActiveCfg = Prerelease|Any CPU
		{D9F2ED28-6FA5-40CA-9912-E7A849147AB1}.Prerelease|Any CPU.Build.0 = Prerelease|Any CPU
		{D9F2ED28-6FA5-40CA-9912-E7A849147AB1}.Prerelease|Mixed Platforms.ActiveCfg = Prerelease|Any CPU
		{D9F2ED28-6FA5-40CA-9912-E7A849147AB1}.Prerelease|Mixed Platforms.Build.0 = Prerelease|Any CPU
		{D9F2ED28-6FA5-40CA-9912-E7A849147AB1}.Prerelease|x64.ActiveCfg = Prerelease|Any CPU
		{D9F2ED28-6FA5-40CA-9912-E7A849147AB1}.Prerelease|x64.Build.0 = Prerelease|Any CPU
		{D9F2ED28-6FA5-40CA-9912-E7A849147AB1}.Prerelease|x86.ActiveCfg = Prerelease|Any CPU
		{D9F2ED28-6FA5-40CA-9912-E7A849147AB1}.Prerelease|x86.Build.0 = Prerelease|Any CPU
		{D9F2ED28-6FA5-40CA-9912-E7A849147AB1}.Release|Any CPU.ActiveCfg = Release|Any CPU
		{D9F2ED28-6FA5-40CA-9912-E7A849147AB1}.Release|Any CPU.Build.0 = Release|Any CPU
		{D9F2ED28-6FA5-40CA-9912-E7A849147AB1}.Release|Mixed Platforms.ActiveCfg = Release|Any CPU
		{D9F2ED28-6FA5-40CA-9912-E7A849147AB1}.Release|Mixed Platforms.Build.0 = Release|Any CPU
		{D9F2ED28-6FA5-40CA-9912-E7A849147AB1}.Release|x64.ActiveCfg = Release|Any CPU
		{D9F2ED28-6FA5-40CA-9912-E7A849147AB1}.Release|x64.Build.0 = Release|Any CPU
		{D9F2ED28-6FA5-40CA-9912-E7A849147AB1}.Release|x86.ActiveCfg = Release|Any CPU
		{D9F2ED28-6FA5-40CA-9912-E7A849147AB1}.Release|x86.Build.0 = Release|Any CPU
		{F5815359-CFC7-44B4-9A3B-C04BACAD5836}.Debug|Any CPU.ActiveCfg = Debug|Any CPU
		{F5815359-CFC7-44B4-9A3B-C04BACAD5836}.Debug|Any CPU.Build.0 = Debug|Any CPU
		{F5815359-CFC7-44B4-9A3B-C04BACAD5836}.Debug|Mixed Platforms.ActiveCfg = Debug|Any CPU
		{F5815359-CFC7-44B4-9A3B-C04BACAD5836}.Debug|Mixed Platforms.Build.0 = Debug|Any CPU
		{F5815359-CFC7-44B4-9A3B-C04BACAD5836}.Debug|x64.ActiveCfg = Debug|Any CPU
		{F5815359-CFC7-44B4-9A3B-C04BACAD5836}.Debug|x64.Build.0 = Debug|Any CPU
		{F5815359-CFC7-44B4-9A3B-C04BACAD5836}.Debug|x86.ActiveCfg = Debug|Any CPU
		{F5815359-CFC7-44B4-9A3B-C04BACAD5836}.Debug|x86.Build.0 = Debug|Any CPU
		{F5815359-CFC7-44B4-9A3B-C04BACAD5836}.Prerelease|Any CPU.ActiveCfg = Prerelease|Any CPU
		{F5815359-CFC7-44B4-9A3B-C04BACAD5836}.Prerelease|Any CPU.Build.0 = Prerelease|Any CPU
		{F5815359-CFC7-44B4-9A3B-C04BACAD5836}.Prerelease|Mixed Platforms.ActiveCfg = Debug|Any CPU
		{F5815359-CFC7-44B4-9A3B-C04BACAD5836}.Prerelease|Mixed Platforms.Build.0 = Debug|Any CPU
		{F5815359-CFC7-44B4-9A3B-C04BACAD5836}.Prerelease|x64.ActiveCfg = Debug|Any CPU
		{F5815359-CFC7-44B4-9A3B-C04BACAD5836}.Prerelease|x64.Build.0 = Debug|Any CPU
		{F5815359-CFC7-44B4-9A3B-C04BACAD5836}.Prerelease|x86.ActiveCfg = Debug|Any CPU
		{F5815359-CFC7-44B4-9A3B-C04BACAD5836}.Prerelease|x86.Build.0 = Debug|Any CPU
		{F5815359-CFC7-44B4-9A3B-C04BACAD5836}.Release|Any CPU.ActiveCfg = Release|Any CPU
		{F5815359-CFC7-44B4-9A3B-C04BACAD5836}.Release|Any CPU.Build.0 = Release|Any CPU
		{F5815359-CFC7-44B4-9A3B-C04BACAD5836}.Release|Mixed Platforms.ActiveCfg = Release|Any CPU
		{F5815359-CFC7-44B4-9A3B-C04BACAD5836}.Release|Mixed Platforms.Build.0 = Release|Any CPU
		{F5815359-CFC7-44B4-9A3B-C04BACAD5836}.Release|x64.ActiveCfg = Release|Any CPU
		{F5815359-CFC7-44B4-9A3B-C04BACAD5836}.Release|x64.Build.0 = Release|Any CPU
		{F5815359-CFC7-44B4-9A3B-C04BACAD5836}.Release|x86.ActiveCfg = Release|Any CPU
		{F5815359-CFC7-44B4-9A3B-C04BACAD5836}.Release|x86.Build.0 = Release|Any CPU
		{00A1FED2-2254-4AF7-A5DB-2357FA7C88CD}.Debug|Any CPU.ActiveCfg = Debug|Any CPU
		{00A1FED2-2254-4AF7-A5DB-2357FA7C88CD}.Debug|Any CPU.Build.0 = Debug|Any CPU
		{00A1FED2-2254-4AF7-A5DB-2357FA7C88CD}.Debug|Mixed Platforms.ActiveCfg = Debug|Any CPU
		{00A1FED2-2254-4AF7-A5DB-2357FA7C88CD}.Debug|Mixed Platforms.Build.0 = Debug|Any CPU
		{00A1FED2-2254-4AF7-A5DB-2357FA7C88CD}.Debug|x64.ActiveCfg = Debug|Any CPU
		{00A1FED2-2254-4AF7-A5DB-2357FA7C88CD}.Debug|x64.Build.0 = Debug|Any CPU
		{00A1FED2-2254-4AF7-A5DB-2357FA7C88CD}.Debug|x86.ActiveCfg = Debug|Any CPU
		{00A1FED2-2254-4AF7-A5DB-2357FA7C88CD}.Debug|x86.Build.0 = Debug|Any CPU
		{00A1FED2-2254-4AF7-A5DB-2357FA7C88CD}.Prerelease|Any CPU.ActiveCfg = Prerelease|Any CPU
		{00A1FED2-2254-4AF7-A5DB-2357FA7C88CD}.Prerelease|Any CPU.Build.0 = Prerelease|Any CPU
		{00A1FED2-2254-4AF7-A5DB-2357FA7C88CD}.Prerelease|Mixed Platforms.ActiveCfg = Debug|Any CPU
		{00A1FED2-2254-4AF7-A5DB-2357FA7C88CD}.Prerelease|Mixed Platforms.Build.0 = Debug|Any CPU
		{00A1FED2-2254-4AF7-A5DB-2357FA7C88CD}.Prerelease|x64.ActiveCfg = Debug|Any CPU
		{00A1FED2-2254-4AF7-A5DB-2357FA7C88CD}.Prerelease|x64.Build.0 = Debug|Any CPU
		{00A1FED2-2254-4AF7-A5DB-2357FA7C88CD}.Prerelease|x86.ActiveCfg = Debug|Any CPU
		{00A1FED2-2254-4AF7-A5DB-2357FA7C88CD}.Prerelease|x86.Build.0 = Debug|Any CPU
		{00A1FED2-2254-4AF7-A5DB-2357FA7C88CD}.Release|Any CPU.ActiveCfg = Release|Any CPU
		{00A1FED2-2254-4AF7-A5DB-2357FA7C88CD}.Release|Any CPU.Build.0 = Release|Any CPU
		{00A1FED2-2254-4AF7-A5DB-2357FA7C88CD}.Release|Mixed Platforms.ActiveCfg = Release|Any CPU
		{00A1FED2-2254-4AF7-A5DB-2357FA7C88CD}.Release|Mixed Platforms.Build.0 = Release|Any CPU
		{00A1FED2-2254-4AF7-A5DB-2357FA7C88CD}.Release|x64.ActiveCfg = Release|Any CPU
		{00A1FED2-2254-4AF7-A5DB-2357FA7C88CD}.Release|x64.Build.0 = Release|Any CPU
		{00A1FED2-2254-4AF7-A5DB-2357FA7C88CD}.Release|x86.ActiveCfg = Release|Any CPU
		{00A1FED2-2254-4AF7-A5DB-2357FA7C88CD}.Release|x86.Build.0 = Release|Any CPU
		{81689023-E55E-48ED-B7A8-53F4E21BBF2D}.Debug|Any CPU.ActiveCfg = Debug|Any CPU
		{81689023-E55E-48ED-B7A8-53F4E21BBF2D}.Debug|Any CPU.Build.0 = Debug|Any CPU
		{81689023-E55E-48ED-B7A8-53F4E21BBF2D}.Debug|Mixed Platforms.ActiveCfg = Debug|Any CPU
		{81689023-E55E-48ED-B7A8-53F4E21BBF2D}.Debug|Mixed Platforms.Build.0 = Debug|Any CPU
		{81689023-E55E-48ED-B7A8-53F4E21BBF2D}.Debug|x64.ActiveCfg = Debug|Any CPU
		{81689023-E55E-48ED-B7A8-53F4E21BBF2D}.Debug|x64.Build.0 = Debug|Any CPU
		{81689023-E55E-48ED-B7A8-53F4E21BBF2D}.Debug|x86.ActiveCfg = Debug|Any CPU
		{81689023-E55E-48ED-B7A8-53F4E21BBF2D}.Debug|x86.Build.0 = Debug|Any CPU
		{81689023-E55E-48ED-B7A8-53F4E21BBF2D}.Prerelease|Mixed Platforms.ActiveCfg = Debug|Any CPU
		{81689023-E55E-48ED-B7A8-53F4E21BBF2D}.Prerelease|Mixed Platforms.Build.0 = Debug|Any CPU
		{81689023-E55E-48ED-B7A8-53F4E21BBF2D}.Prerelease|x64.ActiveCfg = Debug|Any CPU
		{81689023-E55E-48ED-B7A8-53F4E21BBF2D}.Prerelease|x64.Build.0 = Debug|Any CPU
		{81689023-E55E-48ED-B7A8-53F4E21BBF2D}.Prerelease|x86.ActiveCfg = Debug|Any CPU
		{81689023-E55E-48ED-B7A8-53F4E21BBF2D}.Prerelease|x86.Build.0 = Debug|Any CPU
		{81689023-E55E-48ED-B7A8-53F4E21BBF2D}.Release|Any CPU.ActiveCfg = Release|Any CPU
		{81689023-E55E-48ED-B7A8-53F4E21BBF2D}.Release|Any CPU.Build.0 = Release|Any CPU
		{81689023-E55E-48ED-B7A8-53F4E21BBF2D}.Release|Mixed Platforms.ActiveCfg = Release|Any CPU
		{81689023-E55E-48ED-B7A8-53F4E21BBF2D}.Release|Mixed Platforms.Build.0 = Release|Any CPU
		{81689023-E55E-48ED-B7A8-53F4E21BBF2D}.Release|x64.ActiveCfg = Release|Any CPU
		{81689023-E55E-48ED-B7A8-53F4E21BBF2D}.Release|x64.Build.0 = Release|Any CPU
		{81689023-E55E-48ED-B7A8-53F4E21BBF2D}.Release|x86.ActiveCfg = Release|Any CPU
		{81689023-E55E-48ED-B7A8-53F4E21BBF2D}.Release|x86.Build.0 = Release|Any CPU
		{81689023-E55E-48ED-B7A8-53F4E21BBF2D}.Prerelease|Any CPU.ActiveCfg = Prerelease|Any CPU
		{81689023-E55E-48ED-B7A8-53F4E21BBF2D}.Prerelease|Any CPU.Build.0 = Prerelease|Any CPU
		{A9348433-58C1-4B9C-8BB7-088B02529D9D}.Debug|Any CPU.ActiveCfg = Debug|Any CPU
		{A9348433-58C1-4B9C-8BB7-088B02529D9D}.Debug|Any CPU.Build.0 = Debug|Any CPU
		{A9348433-58C1-4B9C-8BB7-088B02529D9D}.Debug|Mixed Platforms.ActiveCfg = Debug|Any CPU
		{A9348433-58C1-4B9C-8BB7-088B02529D9D}.Debug|Mixed Platforms.Build.0 = Debug|Any CPU
		{A9348433-58C1-4B9C-8BB7-088B02529D9D}.Debug|x64.ActiveCfg = Debug|Any CPU
		{A9348433-58C1-4B9C-8BB7-088B02529D9D}.Debug|x64.Build.0 = Debug|Any CPU
		{A9348433-58C1-4B9C-8BB7-088B02529D9D}.Debug|x86.ActiveCfg = Debug|Any CPU
		{A9348433-58C1-4B9C-8BB7-088B02529D9D}.Debug|x86.Build.0 = Debug|Any CPU
		{A9348433-58C1-4B9C-8BB7-088B02529D9D}.Prerelease|Mixed Platforms.ActiveCfg = Debug|Any CPU
		{A9348433-58C1-4B9C-8BB7-088B02529D9D}.Prerelease|Mixed Platforms.Build.0 = Debug|Any CPU
		{A9348433-58C1-4B9C-8BB7-088B02529D9D}.Prerelease|x64.ActiveCfg = Debug|Any CPU
		{A9348433-58C1-4B9C-8BB7-088B02529D9D}.Prerelease|x64.Build.0 = Debug|Any CPU
		{A9348433-58C1-4B9C-8BB7-088B02529D9D}.Prerelease|x86.ActiveCfg = Debug|Any CPU
		{A9348433-58C1-4B9C-8BB7-088B02529D9D}.Prerelease|x86.Build.0 = Debug|Any CPU
		{A9348433-58C1-4B9C-8BB7-088B02529D9D}.Release|Any CPU.ActiveCfg = Release|Any CPU
		{A9348433-58C1-4B9C-8BB7-088B02529D9D}.Release|Any CPU.Build.0 = Release|Any CPU
		{A9348433-58C1-4B9C-8BB7-088B02529D9D}.Release|Mixed Platforms.ActiveCfg = Release|Any CPU
		{A9348433-58C1-4B9C-8BB7-088B02529D9D}.Release|Mixed Platforms.Build.0 = Release|Any CPU
		{A9348433-58C1-4B9C-8BB7-088B02529D9D}.Release|x64.ActiveCfg = Release|Any CPU
		{A9348433-58C1-4B9C-8BB7-088B02529D9D}.Release|x64.Build.0 = Release|Any CPU
		{A9348433-58C1-4B9C-8BB7-088B02529D9D}.Release|x86.ActiveCfg = Release|Any CPU
		{A9348433-58C1-4B9C-8BB7-088B02529D9D}.Release|x86.Build.0 = Release|Any CPU
		{A9348433-58C1-4B9C-8BB7-088B02529D9D}.Prerelease|Any CPU.ActiveCfg = Prerelease|Any CPU
		{A9348433-58C1-4B9C-8BB7-088B02529D9D}.Prerelease|Any CPU.Build.0 = Prerelease|Any CPU
		{9512295B-3045-40E0-9B7E-2409F2173E9D}.Debug|Any CPU.ActiveCfg = Debug|Any CPU
		{9512295B-3045-40E0-9B7E-2409F2173E9D}.Debug|Any CPU.Build.0 = Debug|Any CPU
		{9512295B-3045-40E0-9B7E-2409F2173E9D}.Debug|Mixed Platforms.ActiveCfg = Debug|Any CPU
		{9512295B-3045-40E0-9B7E-2409F2173E9D}.Debug|Mixed Platforms.Build.0 = Debug|Any CPU
		{9512295B-3045-40E0-9B7E-2409F2173E9D}.Debug|x64.ActiveCfg = Debug|Any CPU
		{9512295B-3045-40E0-9B7E-2409F2173E9D}.Debug|x64.Build.0 = Debug|Any CPU
		{9512295B-3045-40E0-9B7E-2409F2173E9D}.Debug|x86.ActiveCfg = Debug|Any CPU
		{9512295B-3045-40E0-9B7E-2409F2173E9D}.Debug|x86.Build.0 = Debug|Any CPU
		{9512295B-3045-40E0-9B7E-2409F2173E9D}.Prerelease|Mixed Platforms.ActiveCfg = Debug|Any CPU
		{9512295B-3045-40E0-9B7E-2409F2173E9D}.Prerelease|Mixed Platforms.Build.0 = Debug|Any CPU
		{9512295B-3045-40E0-9B7E-2409F2173E9D}.Prerelease|x64.ActiveCfg = Debug|Any CPU
		{9512295B-3045-40E0-9B7E-2409F2173E9D}.Prerelease|x64.Build.0 = Debug|Any CPU
		{9512295B-3045-40E0-9B7E-2409F2173E9D}.Prerelease|x86.ActiveCfg = Debug|Any CPU
		{9512295B-3045-40E0-9B7E-2409F2173E9D}.Prerelease|x86.Build.0 = Debug|Any CPU
		{9512295B-3045-40E0-9B7E-2409F2173E9D}.Release|Any CPU.ActiveCfg = Release|Any CPU
		{9512295B-3045-40E0-9B7E-2409F2173E9D}.Release|Any CPU.Build.0 = Release|Any CPU
		{9512295B-3045-40E0-9B7E-2409F2173E9D}.Release|Mixed Platforms.ActiveCfg = Release|Any CPU
		{9512295B-3045-40E0-9B7E-2409F2173E9D}.Release|Mixed Platforms.Build.0 = Release|Any CPU
		{9512295B-3045-40E0-9B7E-2409F2173E9D}.Release|x64.ActiveCfg = Release|Any CPU
		{9512295B-3045-40E0-9B7E-2409F2173E9D}.Release|x64.Build.0 = Release|Any CPU
		{9512295B-3045-40E0-9B7E-2409F2173E9D}.Release|x86.ActiveCfg = Release|Any CPU
		{9512295B-3045-40E0-9B7E-2409F2173E9D}.Release|x86.Build.0 = Release|Any CPU
		{9512295B-3045-40E0-9B7E-2409F2173E9D}.Prerelease|Any CPU.ActiveCfg = Prerelease|Any CPU
		{9512295B-3045-40E0-9B7E-2409F2173E9D}.Prerelease|Any CPU.Build.0 = Prerelease|Any CPU
		{259824F3-D860-4233-91D6-FF73D4DD8B18}.Debug|Any CPU.ActiveCfg = Debug|Any CPU
		{259824F3-D860-4233-91D6-FF73D4DD8B18}.Debug|Any CPU.Build.0 = Debug|Any CPU
		{259824F3-D860-4233-91D6-FF73D4DD8B18}.Debug|Mixed Platforms.ActiveCfg = Debug|Any CPU
		{259824F3-D860-4233-91D6-FF73D4DD8B18}.Debug|Mixed Platforms.Build.0 = Debug|Any CPU
		{259824F3-D860-4233-91D6-FF73D4DD8B18}.Debug|x64.ActiveCfg = Debug|Any CPU
		{259824F3-D860-4233-91D6-FF73D4DD8B18}.Debug|x64.Build.0 = Debug|Any CPU
		{259824F3-D860-4233-91D6-FF73D4DD8B18}.Debug|x86.ActiveCfg = Debug|Any CPU
		{259824F3-D860-4233-91D6-FF73D4DD8B18}.Debug|x86.Build.0 = Debug|Any CPU
		{259824F3-D860-4233-91D6-FF73D4DD8B18}.Prerelease|Mixed Platforms.ActiveCfg = Debug|Any CPU
		{259824F3-D860-4233-91D6-FF73D4DD8B18}.Prerelease|Mixed Platforms.Build.0 = Debug|Any CPU
		{259824F3-D860-4233-91D6-FF73D4DD8B18}.Prerelease|x64.ActiveCfg = Debug|Any CPU
		{259824F3-D860-4233-91D6-FF73D4DD8B18}.Prerelease|x64.Build.0 = Debug|Any CPU
		{259824F3-D860-4233-91D6-FF73D4DD8B18}.Prerelease|x86.ActiveCfg = Debug|Any CPU
		{259824F3-D860-4233-91D6-FF73D4DD8B18}.Prerelease|x86.Build.0 = Debug|Any CPU
		{259824F3-D860-4233-91D6-FF73D4DD8B18}.Release|Any CPU.ActiveCfg = Release|Any CPU
		{259824F3-D860-4233-91D6-FF73D4DD8B18}.Release|Any CPU.Build.0 = Release|Any CPU
		{259824F3-D860-4233-91D6-FF73D4DD8B18}.Release|Mixed Platforms.ActiveCfg = Release|Any CPU
		{259824F3-D860-4233-91D6-FF73D4DD8B18}.Release|Mixed Platforms.Build.0 = Release|Any CPU
		{259824F3-D860-4233-91D6-FF73D4DD8B18}.Release|x64.ActiveCfg = Release|Any CPU
		{259824F3-D860-4233-91D6-FF73D4DD8B18}.Release|x64.Build.0 = Release|Any CPU
		{259824F3-D860-4233-91D6-FF73D4DD8B18}.Release|x86.ActiveCfg = Release|Any CPU
		{259824F3-D860-4233-91D6-FF73D4DD8B18}.Release|x86.Build.0 = Release|Any CPU
		{259824F3-D860-4233-91D6-FF73D4DD8B18}.Prerelease|Any CPU.ActiveCfg = Prerelease|Any CPU
		{259824F3-D860-4233-91D6-FF73D4DD8B18}.Prerelease|Any CPU.Build.0 = Prerelease|Any CPU
	EndGlobalSection
	GlobalSection(SolutionProperties) = preSolution
		HideSolutionNode = FALSE
	EndGlobalSection
	GlobalSection(NestedProjects) = preSolution
		{98BE4A81-8AFD-4957-83F7-009D353C6BCB} = {26E8B310-269E-46D4-A612-24601F16065F}
		{179140D3-97AA-4CB4-8BF6-A0C73CA75701} = {26E8B310-269E-46D4-A612-24601F16065F}
		{958FF7EC-0226-4E85-A85B-B84EC768197D} = {26E8B310-269E-46D4-A612-24601F16065F}
		{D9F2ED28-6FA5-40CA-9912-E7A849147AB1} = {26E8B310-269E-46D4-A612-24601F16065F}
		{3F9ACC27-26DB-49FA-BCD2-50C54A49C9FA} = {26E8B310-269E-46D4-A612-24601F16065F}
		{F5815359-CFC7-44B4-9A3B-C04BACAD5836} = {26E8B310-269E-46D4-A612-24601F16065F}
		{00A1FED2-2254-4AF7-A5DB-2357FA7C88CD} = {26E8B310-269E-46D4-A612-24601F16065F}
		{A9348433-58C1-4B9C-8BB7-088B02529D9D} = {A2AE33B4-0830-426A-9E11-951DAB12BE5B}
		{9512295B-3045-40E0-9B7E-2409F2173E9D} = {A2AE33B4-0830-426A-9E11-951DAB12BE5B}
		{259824F3-D860-4233-91D6-FF73D4DD8B18} = {26E8B310-269E-46D4-A612-24601F16065F}
		{6CBF412C-EFEE-45F7-80FD-AC402C22CDB9} = {8C8F3945-0AEF-4949-A1F7-B18E952E50BC}
		{5C2BE2A8-EA1D-424F-88E1-7FC33EEC2E55} = {6CBF412C-EFEE-45F7-80FD-AC402C22CDB9}
		{AB83BAC0-C539-424A-BF00-78487C10753C} = {6CBF412C-EFEE-45F7-80FD-AC402C22CDB9}
		{3EA564BD-3AC6-479B-96B6-CB059DCD0C77} = {AB83BAC0-C539-424A-BF00-78487C10753C}
		{866F453D-BC89-457F-8B55-485494759B31} = {AB83BAC0-C539-424A-BF00-78487C10753C}
		{603725A4-BC0B-423B-955B-762C89E1C4C2} = {AB83BAC0-C539-424A-BF00-78487C10753C}
	EndGlobalSection
	GlobalSection(ExtensibilityGlobals) = postSolution
		SolutionGuid = {84F8F8E0-1F73-41E0-BD8D-BB6676E2EE87}
	EndGlobalSection
EndGlobal
